// !$*UTF8*$!
{
	archiveVersion = 1;
	classes = {
	};
	objectVersion = 46;
	objects = {

/* Begin PBXBuildFile section */
		7C28C6011E9B26E00012BD19 /* SignHeaderView.xib in Resources */ = {isa = PBXBuildFile; fileRef = 7C28C6001E9B26E00012BD19 /* SignHeaderView.xib */; };
		7C28C6031E9B27170012BD19 /* SignHeaderView.swift in Sources */ = {isa = PBXBuildFile; fileRef = 7C28C6021E9B27170012BD19 /* SignHeaderView.swift */; };
		7C28C6061E9B35250012BD19 /* SignServiceView.xib in Resources */ = {isa = PBXBuildFile; fileRef = 7C28C6051E9B35250012BD19 /* SignServiceView.xib */; };
		7C28C6081E9B37750012BD19 /* SignServiceView.swift in Sources */ = {isa = PBXBuildFile; fileRef = 7C28C6071E9B37750012BD19 /* SignServiceView.swift */; };
		7C28C60A1E9B37A30012BD19 /* SignServiceRowView.swift in Sources */ = {isa = PBXBuildFile; fileRef = 7C28C6091E9B37A30012BD19 /* SignServiceRowView.swift */; };
		7C28C60C1E9B380C0012BD19 /* SignHoursRowView.swift in Sources */ = {isa = PBXBuildFile; fileRef = 7C28C60B1E9B380C0012BD19 /* SignHoursRowView.swift */; };
		7C28C6101E9B38570012BD19 /* SignServiceRowView.xib in Resources */ = {isa = PBXBuildFile; fileRef = 7C28C60F1E9B38570012BD19 /* SignServiceRowView.xib */; };
		7C28C6121E9B38EF0012BD19 /* SignHoursRowView.xib in Resources */ = {isa = PBXBuildFile; fileRef = 7C28C6111E9B38EF0012BD19 /* SignHoursRowView.xib */; };
		7C28C6141E9C1B890012BD19 /* SignTimetableView.xib in Resources */ = {isa = PBXBuildFile; fileRef = 7C28C6131E9C1B890012BD19 /* SignTimetableView.xib */; };
		7C28C6161E9C1BCB0012BD19 /* SignTimetableView.swift in Sources */ = {isa = PBXBuildFile; fileRef = 7C28C6151E9C1BCB0012BD19 /* SignTimetableView.swift */; };
		7C2DB8361EEC7C5000BDE7D6 /* SearchViewController.swift in Sources */ = {isa = PBXBuildFile; fileRef = 7C2DB8351EEC7C5000BDE7D6 /* SearchViewController.swift */; };
		7C58CC4C1EA05C3600259F11 /* InfoPlist.strings in Resources */ = {isa = PBXBuildFile; fileRef = 7C58CC4E1EA05C3600259F11 /* InfoPlist.strings */; };
		7C7B96321EEA2F2600CAB04E /* Typography.swift in Sources */ = {isa = PBXBuildFile; fileRef = 7C7B96311EEA2F2600CAB04E /* Typography.swift */; };
		7C80A6601EF1CD8E00DF6A15 /* SearchBar.swift in Sources */ = {isa = PBXBuildFile; fileRef = 7C80A65F1EF1CD8E00DF6A15 /* SearchBar.swift */; };
		7CDE4EF11F990BFE0016E75F /* CFAPI.swift in Sources */ = {isa = PBXBuildFile; fileRef = 7CDE4EF01F990BFE0016E75F /* CFAPI.swift */; };
		7CE273981F97E6940008A070 /* CromiDefines.swift in Sources */ = {isa = PBXBuildFile; fileRef = 7CE273971F97E6940008A070 /* CromiDefines.swift */; };
		7CE2739E1F97F59E0008A070 /* TSAPI Models.swift in Sources */ = {isa = PBXBuildFile; fileRef = 7CE2739D1F97F59E0008A070 /* TSAPI Models.swift */; };
		7CE4B70F1F09D3260067E5CB /* MapButton.swift in Sources */ = {isa = PBXBuildFile; fileRef = 7CE4B70E1F09D3260067E5CB /* MapButton.swift */; };
		7CE946C01DF8FA3E00F3D29A /* AppDelegate.swift in Sources */ = {isa = PBXBuildFile; fileRef = 7CE946BF1DF8FA3E00F3D29A /* AppDelegate.swift */; };
		7CE946C21DF8FA3E00F3D29A /* ViewController.swift in Sources */ = {isa = PBXBuildFile; fileRef = 7CE946C11DF8FA3E00F3D29A /* ViewController.swift */; };
		7CE946C51DF8FA3E00F3D29A /* Main.storyboard in Resources */ = {isa = PBXBuildFile; fileRef = 7CE946C31DF8FA3E00F3D29A /* Main.storyboard */; };
		7CE946C71DF8FA3E00F3D29A /* Assets.xcassets in Resources */ = {isa = PBXBuildFile; fileRef = 7CE946C61DF8FA3E00F3D29A /* Assets.xcassets */; };
		7CE946CA1DF8FA3E00F3D29A /* LaunchScreen.storyboard in Resources */ = {isa = PBXBuildFile; fileRef = 7CE946C81DF8FA3E00F3D29A /* LaunchScreen.storyboard */; };
		7CE946D31DF8FB0600F3D29A /* MapKit.framework in Frameworks */ = {isa = PBXBuildFile; fileRef = 7CE946D21DF8FB0600F3D29A /* MapKit.framework */; };
		7CE946D51DF93F1200F3D29A /* Extras.swift in Sources */ = {isa = PBXBuildFile; fileRef = 7CE946D41DF93F1200F3D29A /* Extras.swift */; };
		7CE946D71DF94DCB00F3D29A /* TransantiagoAPI.swift in Sources */ = {isa = PBXBuildFile; fileRef = 7CE946D61DF94DCB00F3D29A /* TransantiagoAPI.swift */; };
		7CE946D91DF953ED00F3D29A /* JSONUtilities.swift in Sources */ = {isa = PBXBuildFile; fileRef = 7CE946D81DF953ED00F3D29A /* JSONUtilities.swift */; };
		7CE946DB1DF9579200F3D29A /* Models.swift in Sources */ = {isa = PBXBuildFile; fileRef = 7CE946DA1DF9579200F3D29A /* Models.swift */; };
		7CE946DD1DFA21A800F3D29A /* StreetSignView.swift in Sources */ = {isa = PBXBuildFile; fileRef = 7CE946DC1DFA21A700F3D29A /* StreetSignView.swift */; };
		7CE946DF1DFA331E00F3D29A /* StreetSignView.xib in Resources */ = {isa = PBXBuildFile; fileRef = 7CE946DE1DFA331E00F3D29A /* StreetSignView.xib */; };
		7CE946E11DFA366100F3D29A /* NibLoadingView.swift in Sources */ = {isa = PBXBuildFile; fileRef = 7CE946E01DFA366100F3D29A /* NibLoadingView.swift */; };
		7CF818CA1E9EF3A9007F1468 /* Localizable.strings in Resources */ = {isa = PBXBuildFile; fileRef = 7CF818CC1E9EF3A9007F1468 /* Localizable.strings */; };
/* End PBXBuildFile section */

/* Begin PBXFileReference section */
		7C100DA11E8C32E7005EC7B1 /* PokeWalk.gpx */ = {isa = PBXFileReference; fileEncoding = 4; lastKnownFileType = text.xml; path = PokeWalk.gpx; sourceTree = "<group>"; };
		7C28C6001E9B26E00012BD19 /* SignHeaderView.xib */ = {isa = PBXFileReference; fileEncoding = 4; lastKnownFileType = file.xib; path = SignHeaderView.xib; sourceTree = "<group>"; };
		7C28C6021E9B27170012BD19 /* SignHeaderView.swift */ = {isa = PBXFileReference; fileEncoding = 4; lastKnownFileType = sourcecode.swift; path = SignHeaderView.swift; sourceTree = "<group>"; };
		7C28C6051E9B35250012BD19 /* SignServiceView.xib */ = {isa = PBXFileReference; fileEncoding = 4; lastKnownFileType = file.xib; path = SignServiceView.xib; sourceTree = "<group>"; };
		7C28C6071E9B37750012BD19 /* SignServiceView.swift */ = {isa = PBXFileReference; fileEncoding = 4; lastKnownFileType = sourcecode.swift; path = SignServiceView.swift; sourceTree = "<group>"; };
		7C28C6091E9B37A30012BD19 /* SignServiceRowView.swift */ = {isa = PBXFileReference; fileEncoding = 4; lastKnownFileType = sourcecode.swift; path = SignServiceRowView.swift; sourceTree = "<group>"; };
		7C28C60B1E9B380C0012BD19 /* SignHoursRowView.swift */ = {isa = PBXFileReference; fileEncoding = 4; lastKnownFileType = sourcecode.swift; path = SignHoursRowView.swift; sourceTree = "<group>"; };
		7C28C60F1E9B38570012BD19 /* SignServiceRowView.xib */ = {isa = PBXFileReference; fileEncoding = 4; lastKnownFileType = file.xib; path = SignServiceRowView.xib; sourceTree = "<group>"; };
		7C28C6111E9B38EF0012BD19 /* SignHoursRowView.xib */ = {isa = PBXFileReference; fileEncoding = 4; lastKnownFileType = file.xib; path = SignHoursRowView.xib; sourceTree = "<group>"; };
		7C28C6131E9C1B890012BD19 /* SignTimetableView.xib */ = {isa = PBXFileReference; fileEncoding = 4; lastKnownFileType = file.xib; path = SignTimetableView.xib; sourceTree = "<group>"; };
		7C28C6151E9C1BCB0012BD19 /* SignTimetableView.swift */ = {isa = PBXFileReference; fileEncoding = 4; lastKnownFileType = sourcecode.swift; path = SignTimetableView.swift; sourceTree = "<group>"; };
		7C2DB8351EEC7C5000BDE7D6 /* SearchViewController.swift */ = {isa = PBXFileReference; fileEncoding = 4; lastKnownFileType = sourcecode.swift; path = SearchViewController.swift; sourceTree = "<group>"; };
		7C58CC4D1EA05C3600259F11 /* es-419 */ = {isa = PBXFileReference; lastKnownFileType = text.plist.strings; name = "es-419"; path = "es-419.lproj/InfoPlist.strings"; sourceTree = "<group>"; };
		7C58CC511EA05C5500259F11 /* en */ = {isa = PBXFileReference; lastKnownFileType = text.plist.strings; name = en; path = en.lproj/InfoPlist.strings; sourceTree = "<group>"; };
		7C58CC531EA05C6700259F11 /* en */ = {isa = PBXFileReference; lastKnownFileType = text.plist.strings; name = en; path = en.lproj/Localizable.strings; sourceTree = "<group>"; };
		7C7B96311EEA2F2600CAB04E /* Typography.swift */ = {isa = PBXFileReference; fileEncoding = 4; lastKnownFileType = sourcecode.swift; path = Typography.swift; sourceTree = "<group>"; };
		7C80A65F1EF1CD8E00DF6A15 /* SearchBar.swift */ = {isa = PBXFileReference; fileEncoding = 4; lastKnownFileType = sourcecode.swift; path = SearchBar.swift; sourceTree = "<group>"; };
		7CDE4EF01F990BFE0016E75F /* CFAPI.swift */ = {isa = PBXFileReference; lastKnownFileType = sourcecode.swift; path = CFAPI.swift; sourceTree = "<group>"; };
		7CE273971F97E6940008A070 /* CromiDefines.swift */ = {isa = PBXFileReference; lastKnownFileType = sourcecode.swift; path = CromiDefines.swift; sourceTree = "<group>"; };
		7CE2739D1F97F59E0008A070 /* TSAPI Models.swift */ = {isa = PBXFileReference; lastKnownFileType = sourcecode.swift; path = "TSAPI Models.swift"; sourceTree = "<group>"; };
		7CE4B70E1F09D3260067E5CB /* MapButton.swift */ = {isa = PBXFileReference; lastKnownFileType = sourcecode.swift; path = MapButton.swift; sourceTree = "<group>"; };
		7CE946BC1DF8FA3E00F3D29A /* Cromi.app */ = {isa = PBXFileReference; explicitFileType = wrapper.application; includeInIndex = 0; path = Cromi.app; sourceTree = BUILT_PRODUCTS_DIR; };
		7CE946BF1DF8FA3E00F3D29A /* AppDelegate.swift */ = {isa = PBXFileReference; lastKnownFileType = sourcecode.swift; path = AppDelegate.swift; sourceTree = "<group>"; };
		7CE946C11DF8FA3E00F3D29A /* ViewController.swift */ = {isa = PBXFileReference; lastKnownFileType = sourcecode.swift; path = ViewController.swift; sourceTree = "<group>"; };
		7CE946C41DF8FA3E00F3D29A /* Base */ = {isa = PBXFileReference; lastKnownFileType = file.storyboard; name = Base; path = Base.lproj/Main.storyboard; sourceTree = "<group>"; };
		7CE946C61DF8FA3E00F3D29A /* Assets.xcassets */ = {isa = PBXFileReference; lastKnownFileType = folder.assetcatalog; path = Assets.xcassets; sourceTree = "<group>"; };
		7CE946C91DF8FA3E00F3D29A /* Base */ = {isa = PBXFileReference; lastKnownFileType = file.storyboard; name = Base; path = Base.lproj/LaunchScreen.storyboard; sourceTree = "<group>"; };
		7CE946CB1DF8FA3E00F3D29A /* Info.plist */ = {isa = PBXFileReference; lastKnownFileType = text.plist.xml; path = Info.plist; sourceTree = "<group>"; };
		7CE946D21DF8FB0600F3D29A /* MapKit.framework */ = {isa = PBXFileReference; lastKnownFileType = wrapper.framework; name = MapKit.framework; path = System/Library/Frameworks/MapKit.framework; sourceTree = SDKROOT; };
		7CE946D41DF93F1200F3D29A /* Extras.swift */ = {isa = PBXFileReference; fileEncoding = 4; lastKnownFileType = sourcecode.swift; path = Extras.swift; sourceTree = "<group>"; };
		7CE946D61DF94DCB00F3D29A /* TransantiagoAPI.swift */ = {isa = PBXFileReference; fileEncoding = 4; lastKnownFileType = sourcecode.swift; path = TransantiagoAPI.swift; sourceTree = "<group>"; };
		7CE946D81DF953ED00F3D29A /* JSONUtilities.swift */ = {isa = PBXFileReference; fileEncoding = 4; lastKnownFileType = sourcecode.swift; path = JSONUtilities.swift; sourceTree = "<group>"; };
		7CE946DA1DF9579200F3D29A /* Models.swift */ = {isa = PBXFileReference; fileEncoding = 4; lastKnownFileType = sourcecode.swift; path = Models.swift; sourceTree = "<group>"; };
		7CE946DC1DFA21A700F3D29A /* StreetSignView.swift */ = {isa = PBXFileReference; fileEncoding = 4; lastKnownFileType = sourcecode.swift; path = StreetSignView.swift; sourceTree = "<group>"; };
		7CE946DE1DFA331E00F3D29A /* StreetSignView.xib */ = {isa = PBXFileReference; fileEncoding = 4; lastKnownFileType = file.xib; path = StreetSignView.xib; sourceTree = "<group>"; };
		7CE946E01DFA366100F3D29A /* NibLoadingView.swift */ = {isa = PBXFileReference; fileEncoding = 4; lastKnownFileType = sourcecode.swift; path = NibLoadingView.swift; sourceTree = "<group>"; };
		7CF818CD1E9EF3D2007F1468 /* es-419 */ = {isa = PBXFileReference; lastKnownFileType = text.plist.strings; name = "es-419"; path = "es-419.lproj/Localizable.strings"; sourceTree = "<group>"; };
/* End PBXFileReference section */

/* Begin PBXFrameworksBuildPhase section */
		7CE946B91DF8FA3E00F3D29A /* Frameworks */ = {
			isa = PBXFrameworksBuildPhase;
			buildActionMask = 2147483647;
			files = (
				7CE946D31DF8FB0600F3D29A /* MapKit.framework in Frameworks */,
			);
			runOnlyForDeploymentPostprocessing = 0;
		};
/* End PBXFrameworksBuildPhase section */

/* Begin PBXGroup section */
		7C28C6041E9B32FD0012BD19 /* Sign View */ = {
			isa = PBXGroup;
			children = (
				7CE946E01DFA366100F3D29A /* NibLoadingView.swift */,
				7CE946DC1DFA21A700F3D29A /* StreetSignView.swift */,
				7CE946DE1DFA331E00F3D29A /* StreetSignView.xib */,
				7C28C6021E9B27170012BD19 /* SignHeaderView.swift */,
				7C28C6001E9B26E00012BD19 /* SignHeaderView.xib */,
				7C28C6071E9B37750012BD19 /* SignServiceView.swift */,
				7C28C6051E9B35250012BD19 /* SignServiceView.xib */,
				7C28C6091E9B37A30012BD19 /* SignServiceRowView.swift */,
				7C28C60F1E9B38570012BD19 /* SignServiceRowView.xib */,
				7C28C60B1E9B380C0012BD19 /* SignHoursRowView.swift */,
				7C28C6111E9B38EF0012BD19 /* SignHoursRowView.xib */,
				7C28C6151E9C1BCB0012BD19 /* SignTimetableView.swift */,
				7C28C6131E9C1B890012BD19 /* SignTimetableView.xib */,
			);
			name = "Sign View";
			sourceTree = "<group>";
		};
		7C61D3591F97FC2300CE8483 /* TS API */ = {
			isa = PBXGroup;
			children = (
				7CE946D61DF94DCB00F3D29A /* TransantiagoAPI.swift */,
				7CE2739D1F97F59E0008A070 /* TSAPI Models.swift */,
				7CE946D81DF953ED00F3D29A /* JSONUtilities.swift */,
			);
			name = "TS API";
			sourceTree = "<group>";
		};
		7CE273991F97EB5B0008A070 /* RaduKit Lite */ = {
			isa = PBXGroup;
			children = (
				7C7B96311EEA2F2600CAB04E /* Typography.swift */,
				7CE946D41DF93F1200F3D29A /* Extras.swift */,
			);
			name = "RaduKit Lite";
			sourceTree = "<group>";
		};
		7CE2739A1F97EB8D0008A070 /* Core */ = {
			isa = PBXGroup;
			children = (
				7CE946DA1DF9579200F3D29A /* Models.swift */,
				7CDE4EF01F990BFE0016E75F /* CFAPI.swift */,
				7C61D3591F97FC2300CE8483 /* TS API */,
			);
			name = Core;
			sourceTree = "<group>";
		};
		7CE946B31DF8FA3E00F3D29A = {
			isa = PBXGroup;
			children = (
				7C100DA11E8C32E7005EC7B1 /* PokeWalk.gpx */,
				7CE946BE1DF8FA3E00F3D29A /* Cromi */,
				7CE946BD1DF8FA3E00F3D29A /* Products */,
				7CE946D11DF8FB0600F3D29A /* Frameworks */,
			);
			sourceTree = "<group>";
		};
		7CE946BD1DF8FA3E00F3D29A /* Products */ = {
			isa = PBXGroup;
			children = (
				7CE946BC1DF8FA3E00F3D29A /* Cromi.app */,
			);
			name = Products;
			sourceTree = "<group>";
		};
		7CE946BE1DF8FA3E00F3D29A /* Cromi */ = {
			isa = PBXGroup;
			children = (
				7CE946BF1DF8FA3E00F3D29A /* AppDelegate.swift */,
				7CE273971F97E6940008A070 /* CromiDefines.swift */,
				7CE273991F97EB5B0008A070 /* RaduKit Lite */,
				7CE2739A1F97EB8D0008A070 /* Core */,
				7CE946C31DF8FA3E00F3D29A /* Main.storyboard */,
				7CE946C11DF8FA3E00F3D29A /* ViewController.swift */,
				7C2DB8351EEC7C5000BDE7D6 /* SearchViewController.swift */,
				7C80A65F1EF1CD8E00DF6A15 /* SearchBar.swift */,
				7CE4B70E1F09D3260067E5CB /* MapButton.swift */,
				7C28C6041E9B32FD0012BD19 /* Sign View */,
				7CE946C61DF8FA3E00F3D29A /* Assets.xcassets */,
				7CE946C81DF8FA3E00F3D29A /* LaunchScreen.storyboard */,
				7CE946CB1DF8FA3E00F3D29A /* Info.plist */,
				7CF818CC1E9EF3A9007F1468 /* Localizable.strings */,
				7C58CC4E1EA05C3600259F11 /* InfoPlist.strings */,
			);
			name = Cromi;
			path = Transantiago;
			sourceTree = "<group>";
		};
		7CE946D11DF8FB0600F3D29A /* Frameworks */ = {
			isa = PBXGroup;
			children = (
				7CE946D21DF8FB0600F3D29A /* MapKit.framework */,
			);
			name = Frameworks;
			sourceTree = "<group>";
		};
/* End PBXGroup section */

/* Begin PBXNativeTarget section */
		7CE946BB1DF8FA3E00F3D29A /* Cromi */ = {
			isa = PBXNativeTarget;
			buildConfigurationList = 7CE946CE1DF8FA3E00F3D29A /* Build configuration list for PBXNativeTarget "Cromi" */;
			buildPhases = (
				7CE946B81DF8FA3E00F3D29A /* Sources */,
				7CE946B91DF8FA3E00F3D29A /* Frameworks */,
				7CE946BA1DF8FA3E00F3D29A /* Resources */,
				7CF818CE1EA050E4007F1468 /* ShellScript */,
			);
			buildRules = (
			);
			dependencies = (
			);
			name = Cromi;
			productName = Transantiago;
			productReference = 7CE946BC1DF8FA3E00F3D29A /* Cromi.app */;
			productType = "com.apple.product-type.application";
		};
/* End PBXNativeTarget section */

/* Begin PBXProject section */
		7CE946B41DF8FA3E00F3D29A /* Project object */ = {
			isa = PBXProject;
			attributes = {
				LastSwiftUpdateCheck = 0820;
				LastUpgradeCheck = 0910;
				ORGANIZATIONNAME = "Radu Dutzan";
				TargetAttributes = {
					7CE946BB1DF8FA3E00F3D29A = {
						CreatedOnToolsVersion = 8.2;
						DevelopmentTeam = 7VT456V4Y2;
						LastSwiftMigration = 0910;
						ProvisioningStyle = Automatic;
					};
				};
			};
			buildConfigurationList = 7CE946B71DF8FA3E00F3D29A /* Build configuration list for PBXProject "Cromi" */;
			compatibilityVersion = "Xcode 3.2";
			developmentRegion = English;
			hasScannedForEncodings = 0;
			knownRegions = (
				en,
				Base,
				"es-419",
			);
			mainGroup = 7CE946B31DF8FA3E00F3D29A;
			productRefGroup = 7CE946BD1DF8FA3E00F3D29A /* Products */;
			projectDirPath = "";
			projectRoot = "";
			targets = (
				7CE946BB1DF8FA3E00F3D29A /* Cromi */,
			);
		};
/* End PBXProject section */

/* Begin PBXResourcesBuildPhase section */
		7CE946BA1DF8FA3E00F3D29A /* Resources */ = {
			isa = PBXResourcesBuildPhase;
			buildActionMask = 2147483647;
			files = (
				7CE946CA1DF8FA3E00F3D29A /* LaunchScreen.storyboard in Resources */,
				7C28C6011E9B26E00012BD19 /* SignHeaderView.xib in Resources */,
				7C28C6121E9B38EF0012BD19 /* SignHoursRowView.xib in Resources */,
				7CE946C71DF8FA3E00F3D29A /* Assets.xcassets in Resources */,
				7C28C6101E9B38570012BD19 /* SignServiceRowView.xib in Resources */,
				7CF818CA1E9EF3A9007F1468 /* Localizable.strings in Resources */,
				7C28C6141E9C1B890012BD19 /* SignTimetableView.xib in Resources */,
				7CE946DF1DFA331E00F3D29A /* StreetSignView.xib in Resources */,
				7C28C6061E9B35250012BD19 /* SignServiceView.xib in Resources */,
				7C58CC4C1EA05C3600259F11 /* InfoPlist.strings in Resources */,
				7CE946C51DF8FA3E00F3D29A /* Main.storyboard in Resources */,
			);
			runOnlyForDeploymentPostprocessing = 0;
		};
/* End PBXResourcesBuildPhase section */

/* Begin PBXShellScriptBuildPhase section */
		7CF818CE1EA050E4007F1468 /* ShellScript */ = {
			isa = PBXShellScriptBuildPhase;
			buildActionMask = 8;
			files = (
			);
			inputPaths = (
			);
			outputPaths = (
			);
			runOnlyForDeploymentPostprocessing = 1;
			shellPath = /bin/sh;
			shellScript = "git=`sh /etc/profile; which git`\nappBuild=`\"$git\" rev-list HEAD --count`\nif [ $CONFIGURATION = \"Debug\" ]; then\nbranchName=`\"$git\" rev-parse --abbrev-ref HEAD`\n/usr/libexec/PlistBuddy -c \"Set :CFBundleVersion $appBuild-$branchName\" \"${TARGET_BUILD_DIR}/${INFOPLIST_PATH}\"\n/usr/libexec/PlistBuddy -c \"Set :CFBundleVersion $appBuild-$branchName\" \"${BUILT_PRODUCTS_DIR}/${WRAPPER_NAME}.dSYM/Contents/Info.plist\"\nelse\n/usr/libexec/PlistBuddy -c \"Set :CFBundleVersion $appBuild\" \"${TARGET_BUILD_DIR}/${INFOPLIST_PATH}\"\n/usr/libexec/PlistBuddy -c \"Set :CFBundleVersion $appBuild\" \"${BUILT_PRODUCTS_DIR}/${WRAPPER_NAME}.dSYM/Contents/Info.plist\"\nfi";
		};
/* End PBXShellScriptBuildPhase section */

/* Begin PBXSourcesBuildPhase section */
		7CE946B81DF8FA3E00F3D29A /* Sources */ = {
			isa = PBXSourcesBuildPhase;
			buildActionMask = 2147483647;
			files = (
				7C2DB8361EEC7C5000BDE7D6 /* SearchViewController.swift in Sources */,
				7CE4B70F1F09D3260067E5CB /* MapButton.swift in Sources */,
				7C7B96321EEA2F2600CAB04E /* Typography.swift in Sources */,
				7C28C6161E9C1BCB0012BD19 /* SignTimetableView.swift in Sources */,
				7CE946D71DF94DCB00F3D29A /* TransantiagoAPI.swift in Sources */,
				7C28C6081E9B37750012BD19 /* SignServiceView.swift in Sources */,
				7C80A6601EF1CD8E00DF6A15 /* SearchBar.swift in Sources */,
				7CE946E11DFA366100F3D29A /* NibLoadingView.swift in Sources */,
				7C28C60C1E9B380C0012BD19 /* SignHoursRowView.swift in Sources */,
				7C28C6031E9B27170012BD19 /* SignHeaderView.swift in Sources */,
				7CE2739E1F97F59E0008A070 /* TSAPI Models.swift in Sources */,
				7C28C60A1E9B37A30012BD19 /* SignServiceRowView.swift in Sources */,
				7CE946C21DF8FA3E00F3D29A /* ViewController.swift in Sources */,
				7CDE4EF11F990BFE0016E75F /* CFAPI.swift in Sources */,
				7CE946D91DF953ED00F3D29A /* JSONUtilities.swift in Sources */,
				7CE946DB1DF9579200F3D29A /* Models.swift in Sources */,
				7CE946DD1DFA21A800F3D29A /* StreetSignView.swift in Sources */,
				7CE273981F97E6940008A070 /* CromiDefines.swift in Sources */,
				7CE946D51DF93F1200F3D29A /* Extras.swift in Sources */,
				7CE946C01DF8FA3E00F3D29A /* AppDelegate.swift in Sources */,
			);
			runOnlyForDeploymentPostprocessing = 0;
		};
/* End PBXSourcesBuildPhase section */

/* Begin PBXVariantGroup section */
		7C58CC4E1EA05C3600259F11 /* InfoPlist.strings */ = {
			isa = PBXVariantGroup;
			children = (
				7C58CC4D1EA05C3600259F11 /* es-419 */,
				7C58CC511EA05C5500259F11 /* en */,
			);
			name = InfoPlist.strings;
			sourceTree = "<group>";
		};
		7CE946C31DF8FA3E00F3D29A /* Main.storyboard */ = {
			isa = PBXVariantGroup;
			children = (
				7CE946C41DF8FA3E00F3D29A /* Base */,
			);
			name = Main.storyboard;
			sourceTree = "<group>";
		};
		7CE946C81DF8FA3E00F3D29A /* LaunchScreen.storyboard */ = {
			isa = PBXVariantGroup;
			children = (
				7CE946C91DF8FA3E00F3D29A /* Base */,
			);
			name = LaunchScreen.storyboard;
			sourceTree = "<group>";
		};
		7CF818CC1E9EF3A9007F1468 /* Localizable.strings */ = {
			isa = PBXVariantGroup;
			children = (
				7CF818CD1E9EF3D2007F1468 /* es-419 */,
				7C58CC531EA05C6700259F11 /* en */,
			);
			name = Localizable.strings;
			sourceTree = "<group>";
		};
/* End PBXVariantGroup section */

/* Begin XCBuildConfiguration section */
		7CE946CC1DF8FA3E00F3D29A /* Debug */ = {
			isa = XCBuildConfiguration;
			buildSettings = {
				ALWAYS_SEARCH_USER_PATHS = NO;
				CLANG_ANALYZER_LOCALIZABILITY_NONLOCALIZED = YES;
				CLANG_ANALYZER_NONNULL = YES;
				CLANG_CXX_LANGUAGE_STANDARD = "gnu++0x";
				CLANG_CXX_LIBRARY = "libc++";
				CLANG_ENABLE_MODULES = YES;
				CLANG_ENABLE_OBJC_ARC = YES;
				CLANG_WARN_BLOCK_CAPTURE_AUTORELEASING = YES;
				CLANG_WARN_BOOL_CONVERSION = YES;
				CLANG_WARN_COMMA = YES;
				CLANG_WARN_CONSTANT_CONVERSION = YES;
				CLANG_WARN_DIRECT_OBJC_ISA_USAGE = YES_ERROR;
				CLANG_WARN_DOCUMENTATION_COMMENTS = YES;
				CLANG_WARN_EMPTY_BODY = YES;
				CLANG_WARN_ENUM_CONVERSION = YES;
				CLANG_WARN_INFINITE_RECURSION = YES;
				CLANG_WARN_INT_CONVERSION = YES;
				CLANG_WARN_NON_LITERAL_NULL_CONVERSION = YES;
				CLANG_WARN_OBJC_LITERAL_CONVERSION = YES;
				CLANG_WARN_OBJC_ROOT_CLASS = YES_ERROR;
				CLANG_WARN_RANGE_LOOP_ANALYSIS = YES;
				CLANG_WARN_STRICT_PROTOTYPES = YES;
				CLANG_WARN_SUSPICIOUS_MOVE = YES;
				CLANG_WARN_UNREACHABLE_CODE = YES;
				CLANG_WARN__DUPLICATE_METHOD_MATCH = YES;
				"CODE_SIGN_IDENTITY[sdk=iphoneos*]" = "iPhone Developer";
				COPY_PHASE_STRIP = NO;
				DEBUG_INFORMATION_FORMAT = dwarf;
				ENABLE_STRICT_OBJC_MSGSEND = YES;
				ENABLE_TESTABILITY = YES;
				GCC_C_LANGUAGE_STANDARD = gnu99;
				GCC_DYNAMIC_NO_PIC = NO;
				GCC_NO_COMMON_BLOCKS = YES;
				GCC_OPTIMIZATION_LEVEL = 0;
				GCC_PREPROCESSOR_DEFINITIONS = (
					"DEBUG=1",
					"$(inherited)",
				);
				GCC_WARN_64_TO_32_BIT_CONVERSION = YES;
				GCC_WARN_ABOUT_RETURN_TYPE = YES_ERROR;
				GCC_WARN_UNDECLARED_SELECTOR = YES;
				GCC_WARN_UNINITIALIZED_AUTOS = YES_AGGRESSIVE;
				GCC_WARN_UNUSED_FUNCTION = YES;
				GCC_WARN_UNUSED_VARIABLE = YES;
				IPHONEOS_DEPLOYMENT_TARGET = 10.2;
				MTL_ENABLE_DEBUG_INFO = YES;
				ONLY_ACTIVE_ARCH = YES;
				SDKROOT = iphoneos;
				SWIFT_ACTIVE_COMPILATION_CONDITIONS = DEBUG;
				SWIFT_OPTIMIZATION_LEVEL = "-Onone";
			};
			name = Debug;
		};
		7CE946CD1DF8FA3E00F3D29A /* Release */ = {
			isa = XCBuildConfiguration;
			buildSettings = {
				ALWAYS_SEARCH_USER_PATHS = NO;
				CLANG_ANALYZER_LOCALIZABILITY_NONLOCALIZED = YES;
				CLANG_ANALYZER_NONNULL = YES;
				CLANG_CXX_LANGUAGE_STANDARD = "gnu++0x";
				CLANG_CXX_LIBRARY = "libc++";
				CLANG_ENABLE_MODULES = YES;
				CLANG_ENABLE_OBJC_ARC = YES;
				CLANG_WARN_BLOCK_CAPTURE_AUTORELEASING = YES;
				CLANG_WARN_BOOL_CONVERSION = YES;
				CLANG_WARN_COMMA = YES;
				CLANG_WARN_CONSTANT_CONVERSION = YES;
				CLANG_WARN_DIRECT_OBJC_ISA_USAGE = YES_ERROR;
				CLANG_WARN_DOCUMENTATION_COMMENTS = YES;
				CLANG_WARN_EMPTY_BODY = YES;
				CLANG_WARN_ENUM_CONVERSION = YES;
				CLANG_WARN_INFINITE_RECURSION = YES;
				CLANG_WARN_INT_CONVERSION = YES;
				CLANG_WARN_NON_LITERAL_NULL_CONVERSION = YES;
				CLANG_WARN_OBJC_LITERAL_CONVERSION = YES;
				CLANG_WARN_OBJC_ROOT_CLASS = YES_ERROR;
				CLANG_WARN_RANGE_LOOP_ANALYSIS = YES;
				CLANG_WARN_STRICT_PROTOTYPES = YES;
				CLANG_WARN_SUSPICIOUS_MOVE = YES;
				CLANG_WARN_UNREACHABLE_CODE = YES;
				CLANG_WARN__DUPLICATE_METHOD_MATCH = YES;
				"CODE_SIGN_IDENTITY[sdk=iphoneos*]" = "iPhone Developer";
				COPY_PHASE_STRIP = NO;
				DEBUG_INFORMATION_FORMAT = "dwarf-with-dsym";
				ENABLE_NS_ASSERTIONS = NO;
				ENABLE_STRICT_OBJC_MSGSEND = YES;
				GCC_C_LANGUAGE_STANDARD = gnu99;
				GCC_NO_COMMON_BLOCKS = YES;
				GCC_WARN_64_TO_32_BIT_CONVERSION = YES;
				GCC_WARN_ABOUT_RETURN_TYPE = YES_ERROR;
				GCC_WARN_UNDECLARED_SELECTOR = YES;
				GCC_WARN_UNINITIALIZED_AUTOS = YES_AGGRESSIVE;
				GCC_WARN_UNUSED_FUNCTION = YES;
				GCC_WARN_UNUSED_VARIABLE = YES;
				IPHONEOS_DEPLOYMENT_TARGET = 10.2;
				MTL_ENABLE_DEBUG_INFO = NO;
				SDKROOT = iphoneos;
				SWIFT_OPTIMIZATION_LEVEL = "-Owholemodule";
				VALIDATE_PRODUCT = YES;
			};
			name = Release;
		};
		7CE946CF1DF8FA3E00F3D29A /* Debug */ = {
			isa = XCBuildConfiguration;
			buildSettings = {
				ASSETCATALOG_COMPILER_APPICON_NAME = AppIcon;
				DEVELOPMENT_TEAM = 7VT456V4Y2;
				INFOPLIST_FILE = Transantiago/Info.plist;
				LD_RUNPATH_SEARCH_PATHS = "$(inherited) @executable_path/Frameworks";
				PRODUCT_BUNDLE_IDENTIFIER = cl.radu.cromi;
				PRODUCT_NAME = "$(TARGET_NAME)";
				SWIFT_SWIFT3_OBJC_INFERENCE = On;
				SWIFT_VERSION = 4.0;
			};
			name = Debug;
		};
		7CE946D01DF8FA3E00F3D29A /* Release */ = {
			isa = XCBuildConfiguration;
			buildSettings = {
				ASSETCATALOG_COMPILER_APPICON_NAME = AppIcon;
				DEVELOPMENT_TEAM = 7VT456V4Y2;
				INFOPLIST_FILE = Transantiago/Info.plist;
				LD_RUNPATH_SEARCH_PATHS = "$(inherited) @executable_path/Frameworks";
				PRODUCT_BUNDLE_IDENTIFIER = cl.radu.cromi;
				PRODUCT_NAME = "$(TARGET_NAME)";
				SWIFT_SWIFT3_OBJC_INFERENCE = On;
				SWIFT_VERSION = 4.0;
			};
			name = Release;
		};
/* End XCBuildConfiguration section */

/* Begin XCConfigurationList section */
		7CE946B71DF8FA3E00F3D29A /* Build configuration list for PBXProject "Cromi" */ = {
			isa = XCConfigurationList;
			buildConfigurations = (
				7CE946CC1DF8FA3E00F3D29A /* Debug */,
				7CE946CD1DF8FA3E00F3D29A /* Release */,
			);
			defaultConfigurationIsVisible = 0;
			defaultConfigurationName = Release;
		};
		7CE946CE1DF8FA3E00F3D29A /* Build configuration list for PBXNativeTarget "Cromi" */ = {
			isa = XCConfigurationList;
			buildConfigurations = (
				7CE946CF1DF8FA3E00F3D29A /* Debug */,
				7CE946D01DF8FA3E00F3D29A /* Release */,
			);
			defaultConfigurationIsVisible = 0;
			defaultConfigurationName = Release;
		};
/* End XCConfigurationList section */
	};
	rootObject = 7CE946B41DF8FA3E00F3D29A /* Project object */;
}
