// !$*UTF8*$!
{
	archiveVersion = 1;
	classes = {
	};
	objectVersion = 46;
	objects = {

/* Begin PBXBuildFile section */
		7C28C6011E9B26E00012BD19 /* SignHeaderView.xib in Resources */ = {isa = PBXBuildFile; fileRef = 7C28C6001E9B26E00012BD19 /* SignHeaderView.xib */; };
		7C28C6031E9B27170012BD19 /* SignHeaderView.swift in Sources */ = {isa = PBXBuildFile; fileRef = 7C28C6021E9B27170012BD19 /* SignHeaderView.swift */; };
		7C28C6061E9B35250012BD19 /* SignServiceView.xib in Resources */ = {isa = PBXBuildFile; fileRef = 7C28C6051E9B35250012BD19 /* SignServiceView.xib */; };
		7C28C6081E9B37750012BD19 /* SignServiceView.swift in Sources */ = {isa = PBXBuildFile; fileRef = 7C28C6071E9B37750012BD19 /* SignServiceView.swift */; };
		7C28C60A1E9B37A30012BD19 /* SignServiceRowView.swift in Sources */ = {isa = PBXBuildFile; fileRef = 7C28C6091E9B37A30012BD19 /* SignServiceRowView.swift */; };
		7C28C60C1E9B380C0012BD19 /* SignHoursRowView.swift in Sources */ = {isa = PBXBuildFile; fileRef = 7C28C60B1E9B380C0012BD19 /* SignHoursRowView.swift */; };
		7C28C6101E9B38570012BD19 /* SignServiceRowView.xib in Resources */ = {isa = PBXBuildFile; fileRef = 7C28C60F1E9B38570012BD19 /* SignServiceRowView.xib */; };
		7C28C6121E9B38EF0012BD19 /* SignHoursRowView.xib in Resources */ = {isa = PBXBuildFile; fileRef = 7C28C6111E9B38EF0012BD19 /* SignHoursRowView.xib */; };
		7C28C6141E9C1B890012BD19 /* SignTimetableView.xib in Resources */ = {isa = PBXBuildFile; fileRef = 7C28C6131E9C1B890012BD19 /* SignTimetableView.xib */; };
		7C28C6161E9C1BCB0012BD19 /* SignTimetableView.swift in Sources */ = {isa = PBXBuildFile; fileRef = 7C28C6151E9C1BCB0012BD19 /* SignTimetableView.swift */; };
		7C2DB8361EEC7C5000BDE7D6 /* SearchViewController.swift in Sources */ = {isa = PBXBuildFile; fileRef = 7C2DB8351EEC7C5000BDE7D6 /* SearchViewController.swift */; };
		7C2E16AD2054E5B000B33292 /* RaduKit.framework in Frameworks */ = {isa = PBXBuildFile; fileRef = 7C2E16AA2054E50E00B33292 /* RaduKit.framework */; };
		7C2E16AE2054E5B000B33292 /* RaduKit.framework in Embed Frameworks */ = {isa = PBXBuildFile; fileRef = 7C2E16AA2054E50E00B33292 /* RaduKit.framework */; settings = {ATTRIBUTES = (CodeSignOnCopy, RemoveHeadersOnCopy, ); }; };
		7C35D6201FC9D6F300F01E2D /* ServiceBar.xib in Resources */ = {isa = PBXBuildFile; fileRef = 7C35D61F1FC9D6F300F01E2D /* ServiceBar.xib */; };
		7C58BC6C2005472100319092 /* CromiOverlayViewController.swift in Sources */ = {isa = PBXBuildFile; fileRef = 7C58BC6B2005472100319092 /* CromiOverlayViewController.swift */; };
		7C58CC4C1EA05C3600259F11 /* InfoPlist.strings in Resources */ = {isa = PBXBuildFile; fileRef = 7C58CC4E1EA05C3600259F11 /* InfoPlist.strings */; };
		7C5D180A1FE783D300E153FE /* InfoBanner.xib in Resources */ = {isa = PBXBuildFile; fileRef = 7C5D18091FE783D300E153FE /* InfoBanner.xib */; };
		7C5D180C1FE7864D00E153FE /* InfoBanner.swift in Sources */ = {isa = PBXBuildFile; fileRef = 7C5D180B1FE7864D00E153FE /* InfoBanner.swift */; };
		7C5E1706201660B40099C8F2 /* Providencia.gpx in Resources */ = {isa = PBXBuildFile; fileRef = 7C5E1705201660B40099C8F2 /* Providencia.gpx */; };
		7C6645671FD0AF53005EF2DF /* ButtonRow.swift in Sources */ = {isa = PBXBuildFile; fileRef = 7C6645661FD0AF53005EF2DF /* ButtonRow.swift */; };
		7C66456D1FD33392005EF2DF /* LocationServices.swift in Sources */ = {isa = PBXBuildFile; fileRef = 7C66456C1FD33392005EF2DF /* LocationServices.swift */; };
		7C66456F1FD33453005EF2DF /* ViewController.swift in Sources */ = {isa = PBXBuildFile; fileRef = 7C66456E1FD33453005EF2DF /* ViewController.swift */; };
		7C6645731FD34EAE005EF2DF /* ButtonRow.xib in Resources */ = {isa = PBXBuildFile; fileRef = 7C6645721FD34EAE005EF2DF /* ButtonRow.xib */; };
		7C6645771FD35C7B005EF2DF /* ServiceBar.swift in Sources */ = {isa = PBXBuildFile; fileRef = 7C6645761FD35C7B005EF2DF /* ServiceBar.swift */; };
		7C6645791FD4B5F5005EF2DF /* SCLTransit.swift in Sources */ = {isa = PBXBuildFile; fileRef = 7C6645781FD4B5F5005EF2DF /* SCLTransit.swift */; };
		7C77F77F1FF42C6500934BED /* BipCard.swift in Sources */ = {isa = PBXBuildFile; fileRef = 7C77F77E1FF42C6500934BED /* BipCard.swift */; };
		7C77F7811FFA754D00934BED /* User.swift in Sources */ = {isa = PBXBuildFile; fileRef = 7C77F7801FFA754D00934BED /* User.swift */; };
		7C77F7851FFA7EEA00934BED /* CromiOverlayViewController.xib in Resources */ = {isa = PBXBuildFile; fileRef = 7C77F7831FFA7EEA00934BED /* CromiOverlayViewController.xib */; };
		7C77F7871FFDD86F00934BED /* BipCardView.xib in Resources */ = {isa = PBXBuildFile; fileRef = 7C77F7861FFDD86F00934BED /* BipCardView.xib */; };
		7C77F7891FFDDA0000934BED /* BipCardView.swift in Sources */ = {isa = PBXBuildFile; fileRef = 7C77F7881FFDDA0000934BED /* BipCardView.swift */; };
		7C77F78B1FFDDA8100934BED /* BipEntryView.xib in Resources */ = {isa = PBXBuildFile; fileRef = 7C77F78A1FFDDA8100934BED /* BipEntryView.xib */; };
		7C77F78D1FFDE03E00934BED /* BipEntryView.swift in Sources */ = {isa = PBXBuildFile; fileRef = 7C77F78C1FFDE03E00934BED /* BipEntryView.swift */; };
		7C77F7901FFDE08D00934BED /* BipListView.xib in Resources */ = {isa = PBXBuildFile; fileRef = 7C77F78F1FFDE08D00934BED /* BipListView.xib */; };
		7C77F7921FFDE2D000934BED /* BipListView.swift in Sources */ = {isa = PBXBuildFile; fileRef = 7C77F7911FFDE2D000934BED /* BipListView.swift */; };
		7C77F7941FFDE42600934BED /* EmptyBipView.xib in Resources */ = {isa = PBXBuildFile; fileRef = 7C77F7931FFDE42600934BED /* EmptyBipView.xib */; };
		7C77F7961FFDE6F700934BED /* BipViewController.swift in Sources */ = {isa = PBXBuildFile; fileRef = 7C77F7951FFDE6F700934BED /* BipViewController.swift */; };
		7C77F7981FFDE80200934BED /* EmptyBipView.swift in Sources */ = {isa = PBXBuildFile; fileRef = 7C77F7971FFDE80200934BED /* EmptyBipView.swift */; };
		7C80A6601EF1CD8E00DF6A15 /* SearchBar.swift in Sources */ = {isa = PBXBuildFile; fileRef = 7C80A65F1EF1CD8E00DF6A15 /* SearchBar.swift */; };
		7CAD57D820B0ACA30088743D /* MapViewController.swift in Sources */ = {isa = PBXBuildFile; fileRef = 7CAD57D720B0ACA30088743D /* MapViewController.swift */; };
		7CAD57DA20B24EE70088743D /* CromiSignView.swift in Sources */ = {isa = PBXBuildFile; fileRef = 7CAD57D920B24EE70088743D /* CromiSignView.swift */; };
		7CAD57DB20B24EE70088743D /* CromiSignView.swift in Sources */ = {isa = PBXBuildFile; fileRef = 7CAD57D920B24EE70088743D /* CromiSignView.swift */; };
		7CAD57DC20B24FBF0088743D /* StopSignView.swift in Sources */ = {isa = PBXBuildFile; fileRef = 7CFCCBE220B00FE600232040 /* StopSignView.swift */; };
		7CAD57DE20B24FF00088743D /* BipSignView.swift in Sources */ = {isa = PBXBuildFile; fileRef = 7CAD57DD20B24FF00088743D /* BipSignView.swift */; };
		7CAD57DF20B24FF00088743D /* BipSignView.swift in Sources */ = {isa = PBXBuildFile; fileRef = 7CAD57DD20B24FF00088743D /* BipSignView.swift */; };
		7CAD57E020B25AB00088743D /* MapViewController.swift in Sources */ = {isa = PBXBuildFile; fileRef = 7CAD57D720B0ACA30088743D /* MapViewController.swift */; };
		7CB781252004896A005A9464 /* CromiDialogViewController.swift in Sources */ = {isa = PBXBuildFile; fileRef = 7CB781232004896A005A9464 /* CromiDialogViewController.swift */; };
		7CB781262004896A005A9464 /* CromiDialogViewController.xib in Resources */ = {isa = PBXBuildFile; fileRef = 7CB781242004896A005A9464 /* CromiDialogViewController.xib */; };
		7CB781282005388B005A9464 /* ColorOptionPickerView.swift in Sources */ = {isa = PBXBuildFile; fileRef = 7CB781272005388B005A9464 /* ColorOptionPickerView.swift */; };
		7CCDF21D1FDF1A3C00E8C0BC /* BusAnnotationView.swift in Sources */ = {isa = PBXBuildFile; fileRef = 7CCDF21C1FDF1A3C00E8C0BC /* BusAnnotationView.swift */; };
		7CE273981F97E6940008A070 /* CromiDefines.swift in Sources */ = {isa = PBXBuildFile; fileRef = 7CE273971F97E6940008A070 /* CromiDefines.swift */; };
		7CE4B70F1F09D3260067E5CB /* FloatingButton.swift in Sources */ = {isa = PBXBuildFile; fileRef = 7CE4B70E1F09D3260067E5CB /* FloatingButton.swift */; };
		7CE53B061FD5F69C00D8DC85 /* StopAnnotationView.swift in Sources */ = {isa = PBXBuildFile; fileRef = 7CE53B051FD5F69C00D8DC85 /* StopAnnotationView.swift */; };
		7CE946C01DF8FA3E00F3D29A /* AppDelegate.swift in Sources */ = {isa = PBXBuildFile; fileRef = 7CE946BF1DF8FA3E00F3D29A /* AppDelegate.swift */; };
		7CE946C51DF8FA3E00F3D29A /* Main.storyboard in Resources */ = {isa = PBXBuildFile; fileRef = 7CE946C31DF8FA3E00F3D29A /* Main.storyboard */; };
		7CE946C71DF8FA3E00F3D29A /* Assets.xcassets in Resources */ = {isa = PBXBuildFile; fileRef = 7CE946C61DF8FA3E00F3D29A /* Assets.xcassets */; };
		7CE946CA1DF8FA3E00F3D29A /* LaunchScreen.storyboard in Resources */ = {isa = PBXBuildFile; fileRef = 7CE946C81DF8FA3E00F3D29A /* LaunchScreen.storyboard */; };
		7CE946D31DF8FB0600F3D29A /* MapKit.framework in Frameworks */ = {isa = PBXBuildFile; fileRef = 7CE946D21DF8FB0600F3D29A /* MapKit.framework */; };
		7CE946DB1DF9579200F3D29A /* Models.swift in Sources */ = {isa = PBXBuildFile; fileRef = 7CE946DA1DF9579200F3D29A /* Models.swift */; };
		7CF818CA1E9EF3A9007F1468 /* Localizable.strings in Resources */ = {isa = PBXBuildFile; fileRef = 7CF818CC1E9EF3A9007F1468 /* Localizable.strings */; };
		7CFCCB8920AFFA2A00232040 /* ForkModalHeaderView.swift in Sources */ = {isa = PBXBuildFile; fileRef = 7CFCCB8520AFFA2A00232040 /* ForkModalHeaderView.swift */; };
		7CFCCB8A20AFFA2A00232040 /* ForkModalHeaderView.xib in Resources */ = {isa = PBXBuildFile; fileRef = 7CFCCB8620AFFA2A00232040 /* ForkModalHeaderView.xib */; };
		7CFCCB8B20AFFA2A00232040 /* ForkModalViewController.swift in Sources */ = {isa = PBXBuildFile; fileRef = 7CFCCB8720AFFA2A00232040 /* ForkModalViewController.swift */; };
		7CFCCB8C20AFFA2A00232040 /* ForkModalViewController.xib in Resources */ = {isa = PBXBuildFile; fileRef = 7CFCCB8820AFFA2A00232040 /* ForkModalViewController.xib */; };
		7CFCCB8F20AFFB1500232040 /* SignViewController.swift in Sources */ = {isa = PBXBuildFile; fileRef = 7CFCCB8D20AFFB1500232040 /* SignViewController.swift */; };
		7CFCCB9020AFFB1500232040 /* SignViewController.xib in Resources */ = {isa = PBXBuildFile; fileRef = 7CFCCB8E20AFFB1500232040 /* SignViewController.xib */; };
		7CFCCB9720AFFBEB00232040 /* SearchViewController.swift in Sources */ = {isa = PBXBuildFile; fileRef = 7C2DB8351EEC7C5000BDE7D6 /* SearchViewController.swift */; };
		7CFCCB9820AFFBEB00232040 /* FloatingButton.swift in Sources */ = {isa = PBXBuildFile; fileRef = 7CE4B70E1F09D3260067E5CB /* FloatingButton.swift */; };
		7CFCCB9920AFFBEB00232040 /* ButtonRow.swift in Sources */ = {isa = PBXBuildFile; fileRef = 7C6645661FD0AF53005EF2DF /* ButtonRow.swift */; };
		7CFCCB9A20AFFBEB00232040 /* BipCard.swift in Sources */ = {isa = PBXBuildFile; fileRef = 7C77F77E1FF42C6500934BED /* BipCard.swift */; };
		7CFCCB9B20AFFBEB00232040 /* User.swift in Sources */ = {isa = PBXBuildFile; fileRef = 7C77F7801FFA754D00934BED /* User.swift */; };
		7CFCCB9C20AFFBEB00232040 /* CromiOverlayViewController.swift in Sources */ = {isa = PBXBuildFile; fileRef = 7C58BC6B2005472100319092 /* CromiOverlayViewController.swift */; };
		7CFCCB9D20AFFBEB00232040 /* CromiDialogViewController.swift in Sources */ = {isa = PBXBuildFile; fileRef = 7CB781232004896A005A9464 /* CromiDialogViewController.swift */; };
		7CFCCB9E20AFFBEB00232040 /* LocationServices.swift in Sources */ = {isa = PBXBuildFile; fileRef = 7C66456C1FD33392005EF2DF /* LocationServices.swift */; };
		7CFCCB9F20AFFBEB00232040 /* SignTimetableView.swift in Sources */ = {isa = PBXBuildFile; fileRef = 7C28C6151E9C1BCB0012BD19 /* SignTimetableView.swift */; };
		7CFCCBA020AFFBEB00232040 /* InfoBanner.swift in Sources */ = {isa = PBXBuildFile; fileRef = 7C5D180B1FE7864D00E153FE /* InfoBanner.swift */; };
		7CFCCBA120AFFBEB00232040 /* SignServiceView.swift in Sources */ = {isa = PBXBuildFile; fileRef = 7C28C6071E9B37750012BD19 /* SignServiceView.swift */; };
		7CFCCBA220AFFBEB00232040 /* BipCardView.swift in Sources */ = {isa = PBXBuildFile; fileRef = 7C77F7881FFDDA0000934BED /* BipCardView.swift */; };
		7CFCCBA320AFFBEB00232040 /* BipViewController.swift in Sources */ = {isa = PBXBuildFile; fileRef = 7C77F7951FFDE6F700934BED /* BipViewController.swift */; };
		7CFCCBA420AFFBEB00232040 /* SearchBar.swift in Sources */ = {isa = PBXBuildFile; fileRef = 7C80A65F1EF1CD8E00DF6A15 /* SearchBar.swift */; };
		7CFCCBA520AFFBEB00232040 /* BipListView.swift in Sources */ = {isa = PBXBuildFile; fileRef = 7C77F7911FFDE2D000934BED /* BipListView.swift */; };
		7CFCCBA620AFFBEB00232040 /* EmptyBipView.swift in Sources */ = {isa = PBXBuildFile; fileRef = 7C77F7971FFDE80200934BED /* EmptyBipView.swift */; };
		7CFCCBA720AFFBEB00232040 /* SignView.swift in Sources */ = {isa = PBXBuildFile; fileRef = 7CFCCB9120AFFB7F00232040 /* SignView.swift */; };
		7CFCCBA820AFFBEB00232040 /* ForkModalViewController.swift in Sources */ = {isa = PBXBuildFile; fileRef = 7CFCCB8720AFFA2A00232040 /* ForkModalViewController.swift */; };
		7CFCCBA920AFFBEB00232040 /* StopAnnotationView.swift in Sources */ = {isa = PBXBuildFile; fileRef = 7CE53B051FD5F69C00D8DC85 /* StopAnnotationView.swift */; };
		7CFCCBAA20AFFBEB00232040 /* ColorOptionPickerView.swift in Sources */ = {isa = PBXBuildFile; fileRef = 7CB781272005388B005A9464 /* ColorOptionPickerView.swift */; };
		7CFCCBAB20AFFBEB00232040 /* ViewController.swift in Sources */ = {isa = PBXBuildFile; fileRef = 7C66456E1FD33453005EF2DF /* ViewController.swift */; };
		7CFCCBAC20AFFBEB00232040 /* BipEntryView.swift in Sources */ = {isa = PBXBuildFile; fileRef = 7C77F78C1FFDE03E00934BED /* BipEntryView.swift */; };
		7CFCCBAD20AFFBEB00232040 /* SignHoursRowView.swift in Sources */ = {isa = PBXBuildFile; fileRef = 7C28C60B1E9B380C0012BD19 /* SignHoursRowView.swift */; };
		7CFCCBAE20AFFBEB00232040 /* BusAnnotationView.swift in Sources */ = {isa = PBXBuildFile; fileRef = 7CCDF21C1FDF1A3C00E8C0BC /* BusAnnotationView.swift */; };
		7CFCCBAF20AFFBEB00232040 /* SignHeaderView.swift in Sources */ = {isa = PBXBuildFile; fileRef = 7C28C6021E9B27170012BD19 /* SignHeaderView.swift */; };
		7CFCCBB020AFFBEB00232040 /* ForkModalHeaderView.swift in Sources */ = {isa = PBXBuildFile; fileRef = 7CFCCB8520AFFA2A00232040 /* ForkModalHeaderView.swift */; };
		7CFCCBB220AFFBEB00232040 /* SignServiceRowView.swift in Sources */ = {isa = PBXBuildFile; fileRef = 7C28C6091E9B37A30012BD19 /* SignServiceRowView.swift */; };
		7CFCCBB320AFFBEB00232040 /* ServiceBar.swift in Sources */ = {isa = PBXBuildFile; fileRef = 7C6645761FD35C7B005EF2DF /* ServiceBar.swift */; };
		7CFCCBB420AFFBEB00232040 /* SCLTransit.swift in Sources */ = {isa = PBXBuildFile; fileRef = 7C6645781FD4B5F5005EF2DF /* SCLTransit.swift */; };
		7CFCCBB520AFFBEB00232040 /* Models.swift in Sources */ = {isa = PBXBuildFile; fileRef = 7CE946DA1DF9579200F3D29A /* Models.swift */; };
		7CFCCBB720AFFBEB00232040 /* CromiDefines.swift in Sources */ = {isa = PBXBuildFile; fileRef = 7CE273971F97E6940008A070 /* CromiDefines.swift */; };
		7CFCCBB820AFFBEB00232040 /* AppDelegate.swift in Sources */ = {isa = PBXBuildFile; fileRef = 7CE946BF1DF8FA3E00F3D29A /* AppDelegate.swift */; };
		7CFCCBB920AFFBEB00232040 /* SignViewController.swift in Sources */ = {isa = PBXBuildFile; fileRef = 7CFCCB8D20AFFB1500232040 /* SignViewController.swift */; };
		7CFCCBBB20AFFBEB00232040 /* MapKit.framework in Frameworks */ = {isa = PBXBuildFile; fileRef = 7CE946D21DF8FB0600F3D29A /* MapKit.framework */; };
		7CFCCBBC20AFFBEB00232040 /* RaduKit.framework in Frameworks */ = {isa = PBXBuildFile; fileRef = 7C2E16AA2054E50E00B33292 /* RaduKit.framework */; };
		7CFCCBBE20AFFBEB00232040 /* Providencia.gpx in Resources */ = {isa = PBXBuildFile; fileRef = 7C5E1705201660B40099C8F2 /* Providencia.gpx */; };
		7CFCCBBF20AFFBEB00232040 /* BipCardView.xib in Resources */ = {isa = PBXBuildFile; fileRef = 7C77F7861FFDD86F00934BED /* BipCardView.xib */; };
		7CFCCBC020AFFBEB00232040 /* ButtonRow.xib in Resources */ = {isa = PBXBuildFile; fileRef = 7C6645721FD34EAE005EF2DF /* ButtonRow.xib */; };
		7CFCCBC120AFFBEB00232040 /* ForkModalHeaderView.xib in Resources */ = {isa = PBXBuildFile; fileRef = 7CFCCB8620AFFA2A00232040 /* ForkModalHeaderView.xib */; };
		7CFCCBC220AFFBEB00232040 /* ForkModalViewController.xib in Resources */ = {isa = PBXBuildFile; fileRef = 7CFCCB8820AFFA2A00232040 /* ForkModalViewController.xib */; };
		7CFCCBC320AFFBEB00232040 /* InfoBanner.xib in Resources */ = {isa = PBXBuildFile; fileRef = 7C5D18091FE783D300E153FE /* InfoBanner.xib */; };
		7CFCCBC420AFFBEB00232040 /* CromiDialogViewController.xib in Resources */ = {isa = PBXBuildFile; fileRef = 7CB781242004896A005A9464 /* CromiDialogViewController.xib */; };
		7CFCCBC520AFFBEB00232040 /* SignViewController.xib in Resources */ = {isa = PBXBuildFile; fileRef = 7CFCCB8E20AFFB1500232040 /* SignViewController.xib */; };
		7CFCCBC620AFFBEB00232040 /* LaunchScreen.storyboard in Resources */ = {isa = PBXBuildFile; fileRef = 7CE946C81DF8FA3E00F3D29A /* LaunchScreen.storyboard */; };
		7CFCCBC720AFFBEB00232040 /* BipListView.xib in Resources */ = {isa = PBXBuildFile; fileRef = 7C77F78F1FFDE08D00934BED /* BipListView.xib */; };
		7CFCCBC820AFFBEB00232040 /* ServiceBar.xib in Resources */ = {isa = PBXBuildFile; fileRef = 7C35D61F1FC9D6F300F01E2D /* ServiceBar.xib */; };
		7CFCCBC920AFFBEB00232040 /* EmptyBipView.xib in Resources */ = {isa = PBXBuildFile; fileRef = 7C77F7931FFDE42600934BED /* EmptyBipView.xib */; };
		7CFCCBCA20AFFBEB00232040 /* SignHeaderView.xib in Resources */ = {isa = PBXBuildFile; fileRef = 7C28C6001E9B26E00012BD19 /* SignHeaderView.xib */; };
		7CFCCBCB20AFFBEB00232040 /* BipEntryView.xib in Resources */ = {isa = PBXBuildFile; fileRef = 7C77F78A1FFDDA8100934BED /* BipEntryView.xib */; };
		7CFCCBCC20AFFBEB00232040 /* CromiOverlayViewController.xib in Resources */ = {isa = PBXBuildFile; fileRef = 7C77F7831FFA7EEA00934BED /* CromiOverlayViewController.xib */; };
		7CFCCBCD20AFFBEB00232040 /* SignHoursRowView.xib in Resources */ = {isa = PBXBuildFile; fileRef = 7C28C6111E9B38EF0012BD19 /* SignHoursRowView.xib */; };
		7CFCCBCE20AFFBEB00232040 /* Assets.xcassets in Resources */ = {isa = PBXBuildFile; fileRef = 7CE946C61DF8FA3E00F3D29A /* Assets.xcassets */; };
		7CFCCBCF20AFFBEB00232040 /* SignServiceRowView.xib in Resources */ = {isa = PBXBuildFile; fileRef = 7C28C60F1E9B38570012BD19 /* SignServiceRowView.xib */; };
		7CFCCBD020AFFBEB00232040 /* Localizable.strings in Resources */ = {isa = PBXBuildFile; fileRef = 7CF818CC1E9EF3A9007F1468 /* Localizable.strings */; };
		7CFCCBD120AFFBEB00232040 /* SignTimetableView.xib in Resources */ = {isa = PBXBuildFile; fileRef = 7C28C6131E9C1B890012BD19 /* SignTimetableView.xib */; };
		7CFCCBD320AFFBEB00232040 /* SignServiceView.xib in Resources */ = {isa = PBXBuildFile; fileRef = 7C28C6051E9B35250012BD19 /* SignServiceView.xib */; };
		7CFCCBD420AFFBEB00232040 /* InfoPlist.strings in Resources */ = {isa = PBXBuildFile; fileRef = 7C58CC4E1EA05C3600259F11 /* InfoPlist.strings */; };
		7CFCCBD520AFFBEB00232040 /* Main.storyboard in Resources */ = {isa = PBXBuildFile; fileRef = 7CE946C31DF8FA3E00F3D29A /* Main.storyboard */; };
		7CFCCBD820AFFBEB00232040 /* RaduKit.framework in Embed Frameworks */ = {isa = PBXBuildFile; fileRef = 7C2E16AA2054E50E00B33292 /* RaduKit.framework */; settings = {ATTRIBUTES = (CodeSignOnCopy, RemoveHeadersOnCopy, ); }; };
		7CFCCBDE20AFFFBD00232040 /* SignView.swift in Sources */ = {isa = PBXBuildFile; fileRef = 7CFCCB9120AFFB7F00232040 /* SignView.swift */; };
		7CFCCBE020B0029800232040 /* SignView.xib in Resources */ = {isa = PBXBuildFile; fileRef = 7CFCCBDF20B0029800232040 /* SignView.xib */; };
		7CFCCBE120B0029800232040 /* SignView.xib in Resources */ = {isa = PBXBuildFile; fileRef = 7CFCCBDF20B0029800232040 /* SignView.xib */; };
		7CFCCBE320B00FE600232040 /* StopSignView.swift in Sources */ = {isa = PBXBuildFile; fileRef = 7CFCCBE220B00FE600232040 /* StopSignView.swift */; };
/* End PBXBuildFile section */

/* Begin PBXContainerItemProxy section */
		7C2E16A92054E50E00B33292 /* PBXContainerItemProxy */ = {
			isa = PBXContainerItemProxy;
			containerPortal = 7C2E16A52054E50E00B33292 /* RaduKit.xcodeproj */;
			proxyType = 2;
			remoteGlobalIDString = 7C2E16722054D96F00B33292;
			remoteInfo = RaduKit;
		};
		7C2E16AF2054E5B000B33292 /* PBXContainerItemProxy */ = {
			isa = PBXContainerItemProxy;
			containerPortal = 7C2E16A52054E50E00B33292 /* RaduKit.xcodeproj */;
			proxyType = 1;
			remoteGlobalIDString = 7C2E16712054D96F00B33292;
			remoteInfo = RaduKit;
		};
		7CFCCB9520AFFBEB00232040 /* PBXContainerItemProxy */ = {
			isa = PBXContainerItemProxy;
			containerPortal = 7C2E16A52054E50E00B33292 /* RaduKit.xcodeproj */;
			proxyType = 1;
			remoteGlobalIDString = 7C2E16712054D96F00B33292;
			remoteInfo = RaduKit;
		};
/* End PBXContainerItemProxy section */

/* Begin PBXCopyFilesBuildPhase section */
		7C2E16B12054E5B000B33292 /* Embed Frameworks */ = {
			isa = PBXCopyFilesBuildPhase;
			buildActionMask = 2147483647;
			dstPath = "";
			dstSubfolderSpec = 10;
			files = (
				7C2E16AE2054E5B000B33292 /* RaduKit.framework in Embed Frameworks */,
			);
			name = "Embed Frameworks";
			runOnlyForDeploymentPostprocessing = 0;
		};
		7CFCCBD720AFFBEB00232040 /* Embed Frameworks */ = {
			isa = PBXCopyFilesBuildPhase;
			buildActionMask = 2147483647;
			dstPath = "";
			dstSubfolderSpec = 10;
			files = (
				7CFCCBD820AFFBEB00232040 /* RaduKit.framework in Embed Frameworks */,
			);
			name = "Embed Frameworks";
			runOnlyForDeploymentPostprocessing = 0;
		};
/* End PBXCopyFilesBuildPhase section */

/* Begin PBXFileReference section */
		7C100DA11E8C32E7005EC7B1 /* PokeWalk.gpx */ = {isa = PBXFileReference; fileEncoding = 4; lastKnownFileType = text.xml; path = PokeWalk.gpx; sourceTree = "<group>"; };
		7C28C6001E9B26E00012BD19 /* SignHeaderView.xib */ = {isa = PBXFileReference; fileEncoding = 4; lastKnownFileType = file.xib; path = SignHeaderView.xib; sourceTree = "<group>"; };
		7C28C6021E9B27170012BD19 /* SignHeaderView.swift */ = {isa = PBXFileReference; fileEncoding = 4; lastKnownFileType = sourcecode.swift; path = SignHeaderView.swift; sourceTree = "<group>"; };
		7C28C6051E9B35250012BD19 /* SignServiceView.xib */ = {isa = PBXFileReference; fileEncoding = 4; lastKnownFileType = file.xib; path = SignServiceView.xib; sourceTree = "<group>"; };
		7C28C6071E9B37750012BD19 /* SignServiceView.swift */ = {isa = PBXFileReference; fileEncoding = 4; lastKnownFileType = sourcecode.swift; path = SignServiceView.swift; sourceTree = "<group>"; };
		7C28C6091E9B37A30012BD19 /* SignServiceRowView.swift */ = {isa = PBXFileReference; fileEncoding = 4; lastKnownFileType = sourcecode.swift; path = SignServiceRowView.swift; sourceTree = "<group>"; };
		7C28C60B1E9B380C0012BD19 /* SignHoursRowView.swift */ = {isa = PBXFileReference; fileEncoding = 4; lastKnownFileType = sourcecode.swift; path = SignHoursRowView.swift; sourceTree = "<group>"; };
		7C28C60F1E9B38570012BD19 /* SignServiceRowView.xib */ = {isa = PBXFileReference; fileEncoding = 4; lastKnownFileType = file.xib; path = SignServiceRowView.xib; sourceTree = "<group>"; };
		7C28C6111E9B38EF0012BD19 /* SignHoursRowView.xib */ = {isa = PBXFileReference; fileEncoding = 4; lastKnownFileType = file.xib; path = SignHoursRowView.xib; sourceTree = "<group>"; };
		7C28C6131E9C1B890012BD19 /* SignTimetableView.xib */ = {isa = PBXFileReference; fileEncoding = 4; lastKnownFileType = file.xib; path = SignTimetableView.xib; sourceTree = "<group>"; };
		7C28C6151E9C1BCB0012BD19 /* SignTimetableView.swift */ = {isa = PBXFileReference; fileEncoding = 4; lastKnownFileType = sourcecode.swift; path = SignTimetableView.swift; sourceTree = "<group>"; };
		7C2DB8351EEC7C5000BDE7D6 /* SearchViewController.swift */ = {isa = PBXFileReference; fileEncoding = 4; lastKnownFileType = sourcecode.swift; path = SearchViewController.swift; sourceTree = "<group>"; };
		7C2E16A52054E50E00B33292 /* RaduKit.xcodeproj */ = {isa = PBXFileReference; lastKnownFileType = "wrapper.pb-project"; name = RaduKit.xcodeproj; path = ../RaduKit/RaduKit.xcodeproj; sourceTree = "<group>"; };
		7C35D61F1FC9D6F300F01E2D /* ServiceBar.xib */ = {isa = PBXFileReference; lastKnownFileType = file.xib; path = ServiceBar.xib; sourceTree = "<group>"; };
		7C58BC6B2005472100319092 /* CromiOverlayViewController.swift */ = {isa = PBXFileReference; lastKnownFileType = sourcecode.swift; path = CromiOverlayViewController.swift; sourceTree = "<group>"; };
		7C58CC4D1EA05C3600259F11 /* es-419 */ = {isa = PBXFileReference; lastKnownFileType = text.plist.strings; name = "es-419"; path = "es-419.lproj/InfoPlist.strings"; sourceTree = "<group>"; };
		7C58CC511EA05C5500259F11 /* en */ = {isa = PBXFileReference; lastKnownFileType = text.plist.strings; name = en; path = en.lproj/InfoPlist.strings; sourceTree = "<group>"; };
		7C58CC531EA05C6700259F11 /* en */ = {isa = PBXFileReference; lastKnownFileType = text.plist.strings; name = en; path = en.lproj/Localizable.strings; sourceTree = "<group>"; };
		7C5D18091FE783D300E153FE /* InfoBanner.xib */ = {isa = PBXFileReference; lastKnownFileType = file.xib; path = InfoBanner.xib; sourceTree = "<group>"; };
		7C5D180B1FE7864D00E153FE /* InfoBanner.swift */ = {isa = PBXFileReference; lastKnownFileType = sourcecode.swift; path = InfoBanner.swift; sourceTree = "<group>"; };
		7C5E1705201660B40099C8F2 /* Providencia.gpx */ = {isa = PBXFileReference; fileEncoding = 4; lastKnownFileType = text.xml; path = Providencia.gpx; sourceTree = "<group>"; };
		7C6645661FD0AF53005EF2DF /* ButtonRow.swift */ = {isa = PBXFileReference; lastKnownFileType = sourcecode.swift; path = ButtonRow.swift; sourceTree = "<group>"; };
		7C66456C1FD33392005EF2DF /* LocationServices.swift */ = {isa = PBXFileReference; lastKnownFileType = sourcecode.swift; path = LocationServices.swift; sourceTree = "<group>"; };
		7C66456E1FD33453005EF2DF /* ViewController.swift */ = {isa = PBXFileReference; fileEncoding = 4; lastKnownFileType = sourcecode.swift; path = ViewController.swift; sourceTree = "<group>"; };
		7C6645721FD34EAE005EF2DF /* ButtonRow.xib */ = {isa = PBXFileReference; lastKnownFileType = file.xib; path = ButtonRow.xib; sourceTree = "<group>"; };
		7C6645761FD35C7B005EF2DF /* ServiceBar.swift */ = {isa = PBXFileReference; lastKnownFileType = sourcecode.swift; path = ServiceBar.swift; sourceTree = "<group>"; };
		7C6645781FD4B5F5005EF2DF /* SCLTransit.swift */ = {isa = PBXFileReference; lastKnownFileType = sourcecode.swift; path = SCLTransit.swift; sourceTree = "<group>"; };
		7C77F77E1FF42C6500934BED /* BipCard.swift */ = {isa = PBXFileReference; lastKnownFileType = sourcecode.swift; path = BipCard.swift; sourceTree = "<group>"; };
		7C77F7801FFA754D00934BED /* User.swift */ = {isa = PBXFileReference; lastKnownFileType = sourcecode.swift; path = User.swift; sourceTree = "<group>"; };
		7C77F7831FFA7EEA00934BED /* CromiOverlayViewController.xib */ = {isa = PBXFileReference; lastKnownFileType = file.xib; path = CromiOverlayViewController.xib; sourceTree = "<group>"; };
		7C77F7861FFDD86F00934BED /* BipCardView.xib */ = {isa = PBXFileReference; lastKnownFileType = file.xib; path = BipCardView.xib; sourceTree = "<group>"; };
		7C77F7881FFDDA0000934BED /* BipCardView.swift */ = {isa = PBXFileReference; lastKnownFileType = sourcecode.swift; path = BipCardView.swift; sourceTree = "<group>"; };
		7C77F78A1FFDDA8100934BED /* BipEntryView.xib */ = {isa = PBXFileReference; lastKnownFileType = file.xib; path = BipEntryView.xib; sourceTree = "<group>"; };
		7C77F78C1FFDE03E00934BED /* BipEntryView.swift */ = {isa = PBXFileReference; lastKnownFileType = sourcecode.swift; path = BipEntryView.swift; sourceTree = "<group>"; };
		7C77F78F1FFDE08D00934BED /* BipListView.xib */ = {isa = PBXFileReference; lastKnownFileType = file.xib; path = BipListView.xib; sourceTree = "<group>"; };
		7C77F7911FFDE2D000934BED /* BipListView.swift */ = {isa = PBXFileReference; lastKnownFileType = sourcecode.swift; path = BipListView.swift; sourceTree = "<group>"; };
		7C77F7931FFDE42600934BED /* EmptyBipView.xib */ = {isa = PBXFileReference; lastKnownFileType = file.xib; path = EmptyBipView.xib; sourceTree = "<group>"; };
		7C77F7951FFDE6F700934BED /* BipViewController.swift */ = {isa = PBXFileReference; lastKnownFileType = sourcecode.swift; path = BipViewController.swift; sourceTree = "<group>"; };
		7C77F7971FFDE80200934BED /* EmptyBipView.swift */ = {isa = PBXFileReference; lastKnownFileType = sourcecode.swift; path = EmptyBipView.swift; sourceTree = "<group>"; };
		7C80A65F1EF1CD8E00DF6A15 /* SearchBar.swift */ = {isa = PBXFileReference; fileEncoding = 4; lastKnownFileType = sourcecode.swift; path = SearchBar.swift; sourceTree = "<group>"; };
		7CAD57D720B0ACA30088743D /* MapViewController.swift */ = {isa = PBXFileReference; fileEncoding = 4; lastKnownFileType = sourcecode.swift; path = MapViewController.swift; sourceTree = "<group>"; };
		7CAD57D920B24EE70088743D /* CromiSignView.swift */ = {isa = PBXFileReference; fileEncoding = 4; lastKnownFileType = sourcecode.swift; path = CromiSignView.swift; sourceTree = "<group>"; };
		7CAD57DD20B24FF00088743D /* BipSignView.swift */ = {isa = PBXFileReference; fileEncoding = 4; lastKnownFileType = sourcecode.swift; path = BipSignView.swift; sourceTree = "<group>"; };
		7CB781232004896A005A9464 /* CromiDialogViewController.swift */ = {isa = PBXFileReference; lastKnownFileType = sourcecode.swift; path = CromiDialogViewController.swift; sourceTree = "<group>"; };
		7CB781242004896A005A9464 /* CromiDialogViewController.xib */ = {isa = PBXFileReference; lastKnownFileType = file.xib; path = CromiDialogViewController.xib; sourceTree = "<group>"; };
		7CB781272005388B005A9464 /* ColorOptionPickerView.swift */ = {isa = PBXFileReference; lastKnownFileType = sourcecode.swift; path = ColorOptionPickerView.swift; sourceTree = "<group>"; };
		7CCDF21C1FDF1A3C00E8C0BC /* BusAnnotationView.swift */ = {isa = PBXFileReference; lastKnownFileType = sourcecode.swift; path = BusAnnotationView.swift; sourceTree = "<group>"; };
		7CDE4EF01F990BFE0016E75F /* CFAPI.swift */ = {isa = PBXFileReference; lastKnownFileType = sourcecode.swift; path = CFAPI.swift; sourceTree = "<group>"; };
		7CE273971F97E6940008A070 /* CromiDefines.swift */ = {isa = PBXFileReference; lastKnownFileType = sourcecode.swift; path = CromiDefines.swift; sourceTree = "<group>"; };
		7CE2739D1F97F59E0008A070 /* TSAPI Models.swift */ = {isa = PBXFileReference; lastKnownFileType = sourcecode.swift; path = "TSAPI Models.swift"; sourceTree = "<group>"; };
		7CE4B70E1F09D3260067E5CB /* FloatingButton.swift */ = {isa = PBXFileReference; lastKnownFileType = sourcecode.swift; path = FloatingButton.swift; sourceTree = "<group>"; };
		7CE53B051FD5F69C00D8DC85 /* StopAnnotationView.swift */ = {isa = PBXFileReference; lastKnownFileType = sourcecode.swift; path = StopAnnotationView.swift; sourceTree = "<group>"; };
		7CE946BC1DF8FA3E00F3D29A /* Cromi.app */ = {isa = PBXFileReference; explicitFileType = wrapper.application; includeInIndex = 0; path = Cromi.app; sourceTree = BUILT_PRODUCTS_DIR; };
		7CE946BF1DF8FA3E00F3D29A /* AppDelegate.swift */ = {isa = PBXFileReference; lastKnownFileType = sourcecode.swift; path = AppDelegate.swift; sourceTree = "<group>"; };
		7CE946C41DF8FA3E00F3D29A /* Base */ = {isa = PBXFileReference; lastKnownFileType = file.storyboard; name = Base; path = Base.lproj/Main.storyboard; sourceTree = "<group>"; };
		7CE946C61DF8FA3E00F3D29A /* Assets.xcassets */ = {isa = PBXFileReference; lastKnownFileType = folder.assetcatalog; path = Assets.xcassets; sourceTree = "<group>"; };
		7CE946C91DF8FA3E00F3D29A /* Base */ = {isa = PBXFileReference; lastKnownFileType = file.storyboard; name = Base; path = Base.lproj/LaunchScreen.storyboard; sourceTree = "<group>"; };
		7CE946CB1DF8FA3E00F3D29A /* Info.plist */ = {isa = PBXFileReference; lastKnownFileType = text.plist.xml; path = Info.plist; sourceTree = "<group>"; };
		7CE946D21DF8FB0600F3D29A /* MapKit.framework */ = {isa = PBXFileReference; lastKnownFileType = wrapper.framework; name = MapKit.framework; path = System/Library/Frameworks/MapKit.framework; sourceTree = SDKROOT; };
		7CE946D61DF94DCB00F3D29A /* TransantiagoAPI.swift */ = {isa = PBXFileReference; fileEncoding = 4; lastKnownFileType = sourcecode.swift; path = TransantiagoAPI.swift; sourceTree = "<group>"; };
		7CE946D81DF953ED00F3D29A /* JSONUtilities.swift */ = {isa = PBXFileReference; fileEncoding = 4; lastKnownFileType = sourcecode.swift; path = JSONUtilities.swift; sourceTree = "<group>"; };
		7CE946DA1DF9579200F3D29A /* Models.swift */ = {isa = PBXFileReference; fileEncoding = 4; lastKnownFileType = sourcecode.swift; path = Models.swift; sourceTree = "<group>"; };
		7CF818CD1E9EF3D2007F1468 /* es-419 */ = {isa = PBXFileReference; lastKnownFileType = text.plist.strings; name = "es-419"; path = "es-419.lproj/Localizable.strings"; sourceTree = "<group>"; };
		7CFCCB8520AFFA2A00232040 /* ForkModalHeaderView.swift */ = {isa = PBXFileReference; fileEncoding = 4; lastKnownFileType = sourcecode.swift; path = ForkModalHeaderView.swift; sourceTree = "<group>"; };
		7CFCCB8620AFFA2A00232040 /* ForkModalHeaderView.xib */ = {isa = PBXFileReference; fileEncoding = 4; lastKnownFileType = file.xib; path = ForkModalHeaderView.xib; sourceTree = "<group>"; };
		7CFCCB8720AFFA2A00232040 /* ForkModalViewController.swift */ = {isa = PBXFileReference; fileEncoding = 4; lastKnownFileType = sourcecode.swift; path = ForkModalViewController.swift; sourceTree = "<group>"; };
		7CFCCB8820AFFA2A00232040 /* ForkModalViewController.xib */ = {isa = PBXFileReference; fileEncoding = 4; lastKnownFileType = file.xib; path = ForkModalViewController.xib; sourceTree = "<group>"; };
		7CFCCB8D20AFFB1500232040 /* SignViewController.swift */ = {isa = PBXFileReference; lastKnownFileType = sourcecode.swift; path = SignViewController.swift; sourceTree = "<group>"; };
		7CFCCB8E20AFFB1500232040 /* SignViewController.xib */ = {isa = PBXFileReference; lastKnownFileType = file.xib; path = SignViewController.xib; sourceTree = "<group>"; };
		7CFCCB9120AFFB7F00232040 /* SignView.swift */ = {isa = PBXFileReference; fileEncoding = 4; lastKnownFileType = sourcecode.swift; path = SignView.swift; sourceTree = "<group>"; };
		7CFCCBDC20AFFBEB00232040 /* Cromi Dev.app */ = {isa = PBXFileReference; explicitFileType = wrapper.application; includeInIndex = 0; path = "Cromi Dev.app"; sourceTree = BUILT_PRODUCTS_DIR; };
		7CFCCBDD20AFFBEB00232040 /* Cromi copy-Info.plist */ = {isa = PBXFileReference; lastKnownFileType = text.plist.xml; name = "Cromi copy-Info.plist"; path = "/Users/radutzan/Proyectos/repos/Cromi/Cromi copy-Info.plist"; sourceTree = "<absolute>"; };
		7CFCCBDF20B0029800232040 /* SignView.xib */ = {isa = PBXFileReference; lastKnownFileType = file.xib; path = SignView.xib; sourceTree = "<group>"; };
		7CFCCBE220B00FE600232040 /* StopSignView.swift */ = {isa = PBXFileReference; fileEncoding = 4; lastKnownFileType = sourcecode.swift; path = StopSignView.swift; sourceTree = "<group>"; };
/* End PBXFileReference section */

/* Begin PBXFrameworksBuildPhase section */
		7CE946B91DF8FA3E00F3D29A /* Frameworks */ = {
			isa = PBXFrameworksBuildPhase;
			buildActionMask = 2147483647;
			files = (
				7CE946D31DF8FB0600F3D29A /* MapKit.framework in Frameworks */,
				7C2E16AD2054E5B000B33292 /* RaduKit.framework in Frameworks */,
			);
			runOnlyForDeploymentPostprocessing = 0;
		};
		7CFCCBBA20AFFBEB00232040 /* Frameworks */ = {
			isa = PBXFrameworksBuildPhase;
			buildActionMask = 2147483647;
			files = (
				7CFCCBBB20AFFBEB00232040 /* MapKit.framework in Frameworks */,
				7CFCCBBC20AFFBEB00232040 /* RaduKit.framework in Frameworks */,
			);
			runOnlyForDeploymentPostprocessing = 0;
		};
/* End PBXFrameworksBuildPhase section */

/* Begin PBXGroup section */
		7C28C6041E9B32FD0012BD19 /* Sign */ = {
			isa = PBXGroup;
			children = (
				7CFCCB8D20AFFB1500232040 /* SignViewController.swift */,
				7CFCCB8E20AFFB1500232040 /* SignViewController.xib */,
				7CFCCB9120AFFB7F00232040 /* SignView.swift */,
				7CFCCBDF20B0029800232040 /* SignView.xib */,
				7CAD57D920B24EE70088743D /* CromiSignView.swift */,
				7CFCCBE220B00FE600232040 /* StopSignView.swift */,
				7CAD57DD20B24FF00088743D /* BipSignView.swift */,
				7C28C6021E9B27170012BD19 /* SignHeaderView.swift */,
				7C28C6001E9B26E00012BD19 /* SignHeaderView.xib */,
				7C28C6071E9B37750012BD19 /* SignServiceView.swift */,
				7C28C6051E9B35250012BD19 /* SignServiceView.xib */,
				7C28C6091E9B37A30012BD19 /* SignServiceRowView.swift */,
				7C28C60F1E9B38570012BD19 /* SignServiceRowView.xib */,
				7C28C6151E9C1BCB0012BD19 /* SignTimetableView.swift */,
				7C28C6131E9C1B890012BD19 /* SignTimetableView.xib */,
				7C28C60B1E9B380C0012BD19 /* SignHoursRowView.swift */,
				7C28C6111E9B38EF0012BD19 /* SignHoursRowView.xib */,
			);
			name = Sign;
			sourceTree = "<group>";
		};
		7C2E16A62054E50E00B33292 /* Products */ = {
			isa = PBXGroup;
			children = (
				7C2E16AA2054E50E00B33292 /* RaduKit.framework */,
			);
			name = Products;
			sourceTree = "<group>";
		};
		7C58BC6D2005505A00319092 /* Modals */ = {
			isa = PBXGroup;
			children = (
				7C6645661FD0AF53005EF2DF /* ButtonRow.swift */,
				7C6645721FD34EAE005EF2DF /* ButtonRow.xib */,
				7CE4B70E1F09D3260067E5CB /* FloatingButton.swift */,
				7CFCCB8520AFFA2A00232040 /* ForkModalHeaderView.swift */,
				7CFCCB8620AFFA2A00232040 /* ForkModalHeaderView.xib */,
				7CFCCB8720AFFA2A00232040 /* ForkModalViewController.swift */,
				7CFCCB8820AFFA2A00232040 /* ForkModalViewController.xib */,
				7C58BC6B2005472100319092 /* CromiOverlayViewController.swift */,
				7C77F7831FFA7EEA00934BED /* CromiOverlayViewController.xib */,
				7CB781232004896A005A9464 /* CromiDialogViewController.swift */,
				7CB781242004896A005A9464 /* CromiDialogViewController.xib */,
			);
			name = Modals;
			sourceTree = "<group>";
		};
		7C61D3591F97FC2300CE8483 /* Archived Sources */ = {
			isa = PBXGroup;
			children = (
				7CDE4EF01F990BFE0016E75F /* CFAPI.swift */,
				7CE946D61DF94DCB00F3D29A /* TransantiagoAPI.swift */,
				7CE2739D1F97F59E0008A070 /* TSAPI Models.swift */,
				7CE946D81DF953ED00F3D29A /* JSONUtilities.swift */,
			);
			name = "Archived Sources";
			sourceTree = "<group>";
		};
		7C6645701FD33E4C005EF2DF /* Search */ = {
			isa = PBXGroup;
			children = (
				7C2DB8351EEC7C5000BDE7D6 /* SearchViewController.swift */,
				7C80A65F1EF1CD8E00DF6A15 /* SearchBar.swift */,
			);
			name = Search;
			sourceTree = "<group>";
		};
		7C6645711FD33E66005EF2DF /* Resources */ = {
			isa = PBXGroup;
			children = (
				7CE946C61DF8FA3E00F3D29A /* Assets.xcassets */,
				7CE946C81DF8FA3E00F3D29A /* LaunchScreen.storyboard */,
				7CE946CB1DF8FA3E00F3D29A /* Info.plist */,
				7CF818CC1E9EF3A9007F1468 /* Localizable.strings */,
				7C58CC4E1EA05C3600259F11 /* InfoPlist.strings */,
			);
			name = Resources;
			sourceTree = "<group>";
		};
		7C77F78E1FFDE05000934BED /* Bip */ = {
			isa = PBXGroup;
			children = (
				7CB781272005388B005A9464 /* ColorOptionPickerView.swift */,
				7C77F7951FFDE6F700934BED /* BipViewController.swift */,
				7C77F7911FFDE2D000934BED /* BipListView.swift */,
				7C77F78F1FFDE08D00934BED /* BipListView.xib */,
				7C77F7881FFDDA0000934BED /* BipCardView.swift */,
				7C77F7861FFDD86F00934BED /* BipCardView.xib */,
				7C77F78C1FFDE03E00934BED /* BipEntryView.swift */,
				7C77F78A1FFDDA8100934BED /* BipEntryView.xib */,
				7C77F7971FFDE80200934BED /* EmptyBipView.swift */,
				7C77F7931FFDE42600934BED /* EmptyBipView.xib */,
			);
			name = Bip;
			sourceTree = "<group>";
		};
		7C7F482E2089A32800C61856 /* Map */ = {
			isa = PBXGroup;
			children = (
				7CE53B051FD5F69C00D8DC85 /* StopAnnotationView.swift */,
				7CCDF21C1FDF1A3C00E8C0BC /* BusAnnotationView.swift */,
				7C6645761FD35C7B005EF2DF /* ServiceBar.swift */,
				7C35D61F1FC9D6F300F01E2D /* ServiceBar.xib */,
				7C5D180B1FE7864D00E153FE /* InfoBanner.swift */,
				7C5D18091FE783D300E153FE /* InfoBanner.xib */,
				7CAD57D720B0ACA30088743D /* MapViewController.swift */,
			);
			name = Map;
			sourceTree = "<group>";
		};
		7CE2739A1F97EB8D0008A070 /* Data */ = {
			isa = PBXGroup;
			children = (
				7CE946DA1DF9579200F3D29A /* Models.swift */,
				7C77F77E1FF42C6500934BED /* BipCard.swift */,
				7C77F7801FFA754D00934BED /* User.swift */,
				7C6645781FD4B5F5005EF2DF /* SCLTransit.swift */,
				7C61D3591F97FC2300CE8483 /* Archived Sources */,
			);
			name = Data;
			sourceTree = "<group>";
		};
		7CE946B31DF8FA3E00F3D29A = {
			isa = PBXGroup;
			children = (
				7C2E16A52054E50E00B33292 /* RaduKit.xcodeproj */,
				7CE946BE1DF8FA3E00F3D29A /* Cromi */,
				7C100DA11E8C32E7005EC7B1 /* PokeWalk.gpx */,
				7C5E1705201660B40099C8F2 /* Providencia.gpx */,
				7CE946BD1DF8FA3E00F3D29A /* Products */,
				7CE946D11DF8FB0600F3D29A /* Frameworks */,
				7CFCCBDD20AFFBEB00232040 /* Cromi copy-Info.plist */,
			);
			sourceTree = "<group>";
		};
		7CE946BD1DF8FA3E00F3D29A /* Products */ = {
			isa = PBXGroup;
			children = (
				7CE946BC1DF8FA3E00F3D29A /* Cromi.app */,
				7CFCCBDC20AFFBEB00232040 /* Cromi Dev.app */,
			);
			name = Products;
			sourceTree = "<group>";
		};
		7CE946BE1DF8FA3E00F3D29A /* Cromi */ = {
			isa = PBXGroup;
			children = (
				7CE273971F97E6940008A070 /* CromiDefines.swift */,
				7CE946BF1DF8FA3E00F3D29A /* AppDelegate.swift */,
				7CE2739A1F97EB8D0008A070 /* Data */,
				7CE946C31DF8FA3E00F3D29A /* Main.storyboard */,
				7C66456E1FD33453005EF2DF /* ViewController.swift */,
				7C66456C1FD33392005EF2DF /* LocationServices.swift */,
				7C7F482E2089A32800C61856 /* Map */,
				7C28C6041E9B32FD0012BD19 /* Sign */,
				7C58BC6D2005505A00319092 /* Modals */,
				7C77F78E1FFDE05000934BED /* Bip */,
				7C6645701FD33E4C005EF2DF /* Search */,
				7C6645711FD33E66005EF2DF /* Resources */,
			);
			name = Cromi;
			path = Transantiago;
			sourceTree = "<group>";
		};
		7CE946D11DF8FB0600F3D29A /* Frameworks */ = {
			isa = PBXGroup;
			children = (
				7CE946D21DF8FB0600F3D29A /* MapKit.framework */,
			);
			name = Frameworks;
			sourceTree = "<group>";
		};
/* End PBXGroup section */

/* Begin PBXNativeTarget section */
		7CE946BB1DF8FA3E00F3D29A /* Cromi */ = {
			isa = PBXNativeTarget;
			buildConfigurationList = 7CE946CE1DF8FA3E00F3D29A /* Build configuration list for PBXNativeTarget "Cromi" */;
			buildPhases = (
				7CE946B81DF8FA3E00F3D29A /* Sources */,
				7CE946B91DF8FA3E00F3D29A /* Frameworks */,
				7CE946BA1DF8FA3E00F3D29A /* Resources */,
				7CF818CE1EA050E4007F1468 /* ShellScript */,
				7C2E16B12054E5B000B33292 /* Embed Frameworks */,
			);
			buildRules = (
			);
			dependencies = (
				7C2E16B02054E5B000B33292 /* PBXTargetDependency */,
			);
			name = Cromi;
			productName = Transantiago;
			productReference = 7CE946BC1DF8FA3E00F3D29A /* Cromi.app */;
			productType = "com.apple.product-type.application";
		};
		7CFCCB9320AFFBEB00232040 /* Cromi Dev */ = {
			isa = PBXNativeTarget;
			buildConfigurationList = 7CFCCBD920AFFBEB00232040 /* Build configuration list for PBXNativeTarget "Cromi Dev" */;
			buildPhases = (
				7CFCCB9620AFFBEB00232040 /* Sources */,
				7CFCCBBA20AFFBEB00232040 /* Frameworks */,
				7CFCCBBD20AFFBEB00232040 /* Resources */,
				7CFCCBD620AFFBEB00232040 /* ShellScript */,
				7CFCCBD720AFFBEB00232040 /* Embed Frameworks */,
			);
			buildRules = (
			);
			dependencies = (
				7CFCCB9420AFFBEB00232040 /* PBXTargetDependency */,
			);
			name = "Cromi Dev";
			productName = Transantiago;
			productReference = 7CFCCBDC20AFFBEB00232040 /* Cromi Dev.app */;
			productType = "com.apple.product-type.application";
		};
/* End PBXNativeTarget section */

/* Begin PBXProject section */
		7CE946B41DF8FA3E00F3D29A /* Project object */ = {
			isa = PBXProject;
			attributes = {
				LastSwiftUpdateCheck = 0820;
				LastUpgradeCheck = 0930;
				ORGANIZATIONNAME = "Radu Dutzan";
				TargetAttributes = {
					7CE946BB1DF8FA3E00F3D29A = {
						CreatedOnToolsVersion = 8.2;
						DevelopmentTeam = 7VT456V4Y2;
						LastSwiftMigration = 0910;
						ProvisioningStyle = Automatic;
					};
					7CFCCB9320AFFBEB00232040 = {
						DevelopmentTeam = 7VT456V4Y2;
					};
				};
			};
			buildConfigurationList = 7CE946B71DF8FA3E00F3D29A /* Build configuration list for PBXProject "Cromi" */;
			compatibilityVersion = "Xcode 3.2";
			developmentRegion = English;
			hasScannedForEncodings = 0;
			knownRegions = (
				en,
				Base,
				"es-419",
			);
			mainGroup = 7CE946B31DF8FA3E00F3D29A;
			productRefGroup = 7CE946BD1DF8FA3E00F3D29A /* Products */;
			projectDirPath = "";
			projectReferences = (
				{
					ProductGroup = 7C2E16A62054E50E00B33292 /* Products */;
					ProjectRef = 7C2E16A52054E50E00B33292 /* RaduKit.xcodeproj */;
				},
			);
			projectRoot = "";
			targets = (
				7CE946BB1DF8FA3E00F3D29A /* Cromi */,
				7CFCCB9320AFFBEB00232040 /* Cromi Dev */,
			);
		};
/* End PBXProject section */

/* Begin PBXReferenceProxy section */
		7C2E16AA2054E50E00B33292 /* RaduKit.framework */ = {
			isa = PBXReferenceProxy;
			fileType = wrapper.framework;
			path = RaduKit.framework;
			remoteRef = 7C2E16A92054E50E00B33292 /* PBXContainerItemProxy */;
			sourceTree = BUILT_PRODUCTS_DIR;
		};
/* End PBXReferenceProxy section */

/* Begin PBXResourcesBuildPhase section */
		7CE946BA1DF8FA3E00F3D29A /* Resources */ = {
			isa = PBXResourcesBuildPhase;
			buildActionMask = 2147483647;
			files = (
				7C5E1706201660B40099C8F2 /* Providencia.gpx in Resources */,
				7C77F7871FFDD86F00934BED /* BipCardView.xib in Resources */,
				7C6645731FD34EAE005EF2DF /* ButtonRow.xib in Resources */,
				7CFCCB8A20AFFA2A00232040 /* ForkModalHeaderView.xib in Resources */,
				7CFCCB8C20AFFA2A00232040 /* ForkModalViewController.xib in Resources */,
				7C5D180A1FE783D300E153FE /* InfoBanner.xib in Resources */,
				7CB781262004896A005A9464 /* CromiDialogViewController.xib in Resources */,
				7CFCCB9020AFFB1500232040 /* SignViewController.xib in Resources */,
				7CE946CA1DF8FA3E00F3D29A /* LaunchScreen.storyboard in Resources */,
				7C77F7901FFDE08D00934BED /* BipListView.xib in Resources */,
				7C35D6201FC9D6F300F01E2D /* ServiceBar.xib in Resources */,
				7C77F7941FFDE42600934BED /* EmptyBipView.xib in Resources */,
				7C28C6011E9B26E00012BD19 /* SignHeaderView.xib in Resources */,
				7C77F78B1FFDDA8100934BED /* BipEntryView.xib in Resources */,
				7C77F7851FFA7EEA00934BED /* CromiOverlayViewController.xib in Resources */,
				7C28C6121E9B38EF0012BD19 /* SignHoursRowView.xib in Resources */,
				7CE946C71DF8FA3E00F3D29A /* Assets.xcassets in Resources */,
				7CFCCBE020B0029800232040 /* SignView.xib in Resources */,
				7C28C6101E9B38570012BD19 /* SignServiceRowView.xib in Resources */,
				7CF818CA1E9EF3A9007F1468 /* Localizable.strings in Resources */,
				7C28C6141E9C1B890012BD19 /* SignTimetableView.xib in Resources */,
				7C28C6061E9B35250012BD19 /* SignServiceView.xib in Resources */,
				7C58CC4C1EA05C3600259F11 /* InfoPlist.strings in Resources */,
				7CE946C51DF8FA3E00F3D29A /* Main.storyboard in Resources */,
			);
			runOnlyForDeploymentPostprocessing = 0;
		};
		7CFCCBBD20AFFBEB00232040 /* Resources */ = {
			isa = PBXResourcesBuildPhase;
			buildActionMask = 2147483647;
			files = (
				7CFCCBBE20AFFBEB00232040 /* Providencia.gpx in Resources */,
				7CFCCBBF20AFFBEB00232040 /* BipCardView.xib in Resources */,
				7CFCCBC020AFFBEB00232040 /* ButtonRow.xib in Resources */,
				7CFCCBC120AFFBEB00232040 /* ForkModalHeaderView.xib in Resources */,
				7CFCCBC220AFFBEB00232040 /* ForkModalViewController.xib in Resources */,
				7CFCCBC320AFFBEB00232040 /* InfoBanner.xib in Resources */,
				7CFCCBC420AFFBEB00232040 /* CromiDialogViewController.xib in Resources */,
				7CFCCBC520AFFBEB00232040 /* SignViewController.xib in Resources */,
				7CFCCBC620AFFBEB00232040 /* LaunchScreen.storyboard in Resources */,
				7CFCCBC720AFFBEB00232040 /* BipListView.xib in Resources */,
				7CFCCBC820AFFBEB00232040 /* ServiceBar.xib in Resources */,
				7CFCCBC920AFFBEB00232040 /* EmptyBipView.xib in Resources */,
				7CFCCBCA20AFFBEB00232040 /* SignHeaderView.xib in Resources */,
				7CFCCBCB20AFFBEB00232040 /* BipEntryView.xib in Resources */,
				7CFCCBCC20AFFBEB00232040 /* CromiOverlayViewController.xib in Resources */,
				7CFCCBCD20AFFBEB00232040 /* SignHoursRowView.xib in Resources */,
				7CFCCBCE20AFFBEB00232040 /* Assets.xcassets in Resources */,
				7CFCCBE120B0029800232040 /* SignView.xib in Resources */,
				7CFCCBCF20AFFBEB00232040 /* SignServiceRowView.xib in Resources */,
				7CFCCBD020AFFBEB00232040 /* Localizable.strings in Resources */,
				7CFCCBD120AFFBEB00232040 /* SignTimetableView.xib in Resources */,
				7CFCCBD320AFFBEB00232040 /* SignServiceView.xib in Resources */,
				7CFCCBD420AFFBEB00232040 /* InfoPlist.strings in Resources */,
				7CFCCBD520AFFBEB00232040 /* Main.storyboard in Resources */,
			);
			runOnlyForDeploymentPostprocessing = 0;
		};
/* End PBXResourcesBuildPhase section */

/* Begin PBXShellScriptBuildPhase section */
		7CF818CE1EA050E4007F1468 /* ShellScript */ = {
			isa = PBXShellScriptBuildPhase;
			buildActionMask = 8;
			files = (
			);
			inputPaths = (
			);
			outputPaths = (
			);
			runOnlyForDeploymentPostprocessing = 1;
			shellPath = /bin/sh;
			shellScript = "git=`sh /etc/profile; which git`\nappBuild=`\"$git\" rev-list HEAD --count`\nif [ $CONFIGURATION = \"Debug\" ]; then\nbranchName=`\"$git\" rev-parse --abbrev-ref HEAD`\n/usr/libexec/PlistBuddy -c \"Set :CFBundleVersion $appBuild-$branchName\" \"${TARGET_BUILD_DIR}/${INFOPLIST_PATH}\"\n/usr/libexec/PlistBuddy -c \"Set :CFBundleVersion $appBuild-$branchName\" \"${BUILT_PRODUCTS_DIR}/${WRAPPER_NAME}.dSYM/Contents/Info.plist\"\nelse\n/usr/libexec/PlistBuddy -c \"Set :CFBundleVersion $appBuild\" \"${TARGET_BUILD_DIR}/${INFOPLIST_PATH}\"\n/usr/libexec/PlistBuddy -c \"Set :CFBundleVersion $appBuild\" \"${BUILT_PRODUCTS_DIR}/${WRAPPER_NAME}.dSYM/Contents/Info.plist\"\nfi";
		};
		7CFCCBD620AFFBEB00232040 /* ShellScript */ = {
			isa = PBXShellScriptBuildPhase;
			buildActionMask = 8;
			files = (
			);
			inputPaths = (
			);
			outputPaths = (
			);
			runOnlyForDeploymentPostprocessing = 1;
			shellPath = /bin/sh;
			shellScript = "git=`sh /etc/profile; which git`\nappBuild=`\"$git\" rev-list HEAD --count`\nif [ $CONFIGURATION = \"Debug\" ]; then\nbranchName=`\"$git\" rev-parse --abbrev-ref HEAD`\n/usr/libexec/PlistBuddy -c \"Set :CFBundleVersion $appBuild-$branchName\" \"${TARGET_BUILD_DIR}/${INFOPLIST_PATH}\"\n/usr/libexec/PlistBuddy -c \"Set :CFBundleVersion $appBuild-$branchName\" \"${BUILT_PRODUCTS_DIR}/${WRAPPER_NAME}.dSYM/Contents/Info.plist\"\nelse\n/usr/libexec/PlistBuddy -c \"Set :CFBundleVersion $appBuild\" \"${TARGET_BUILD_DIR}/${INFOPLIST_PATH}\"\n/usr/libexec/PlistBuddy -c \"Set :CFBundleVersion $appBuild\" \"${BUILT_PRODUCTS_DIR}/${WRAPPER_NAME}.dSYM/Contents/Info.plist\"\nfi";
		};
/* End PBXShellScriptBuildPhase section */

/* Begin PBXSourcesBuildPhase section */
		7CE946B81DF8FA3E00F3D29A /* Sources */ = {
			isa = PBXSourcesBuildPhase;
			buildActionMask = 2147483647;
			files = (
				7C2DB8361EEC7C5000BDE7D6 /* SearchViewController.swift in Sources */,
				7CE4B70F1F09D3260067E5CB /* FloatingButton.swift in Sources */,
				7CAD57DA20B24EE70088743D /* CromiSignView.swift in Sources */,
				7C6645671FD0AF53005EF2DF /* ButtonRow.swift in Sources */,
				7C77F77F1FF42C6500934BED /* BipCard.swift in Sources */,
				7C77F7811FFA754D00934BED /* User.swift in Sources */,
				7C58BC6C2005472100319092 /* CromiOverlayViewController.swift in Sources */,
				7CB781252004896A005A9464 /* CromiDialogViewController.swift in Sources */,
				7C66456D1FD33392005EF2DF /* LocationServices.swift in Sources */,
				7C28C6161E9C1BCB0012BD19 /* SignTimetableView.swift in Sources */,
				7C5D180C1FE7864D00E153FE /* InfoBanner.swift in Sources */,
				7C28C6081E9B37750012BD19 /* SignServiceView.swift in Sources */,
				7CFCCBE320B00FE600232040 /* StopSignView.swift in Sources */,
				7C77F7891FFDDA0000934BED /* BipCardView.swift in Sources */,
				7C77F7961FFDE6F700934BED /* BipViewController.swift in Sources */,
				7C80A6601EF1CD8E00DF6A15 /* SearchBar.swift in Sources */,
				7C77F7921FFDE2D000934BED /* BipListView.swift in Sources */,
				7C77F7981FFDE80200934BED /* EmptyBipView.swift in Sources */,
				7CFCCBDE20AFFFBD00232040 /* SignView.swift in Sources */,
				7CFCCB8B20AFFA2A00232040 /* ForkModalViewController.swift in Sources */,
				7CE53B061FD5F69C00D8DC85 /* StopAnnotationView.swift in Sources */,
				7CB781282005388B005A9464 /* ColorOptionPickerView.swift in Sources */,
				7C66456F1FD33453005EF2DF /* ViewController.swift in Sources */,
				7C77F78D1FFDE03E00934BED /* BipEntryView.swift in Sources */,
				7C28C60C1E9B380C0012BD19 /* SignHoursRowView.swift in Sources */,
				7CCDF21D1FDF1A3C00E8C0BC /* BusAnnotationView.swift in Sources */,
				7C28C6031E9B27170012BD19 /* SignHeaderView.swift in Sources */,
				7CFCCB8920AFFA2A00232040 /* ForkModalHeaderView.swift in Sources */,
				7C28C60A1E9B37A30012BD19 /* SignServiceRowView.swift in Sources */,
				7C6645771FD35C7B005EF2DF /* ServiceBar.swift in Sources */,
				7C6645791FD4B5F5005EF2DF /* SCLTransit.swift in Sources */,
				7CAD57E020B25AB00088743D /* MapViewController.swift in Sources */,
				7CE946DB1DF9579200F3D29A /* Models.swift in Sources */,
				7CAD57DE20B24FF00088743D /* BipSignView.swift in Sources */,
				7CE273981F97E6940008A070 /* CromiDefines.swift in Sources */,
				7CE946C01DF8FA3E00F3D29A /* AppDelegate.swift in Sources */,
				7CFCCB8F20AFFB1500232040 /* SignViewController.swift in Sources */,
			);
			runOnlyForDeploymentPostprocessing = 0;
		};
		7CFCCB9620AFFBEB00232040 /* Sources */ = {
			isa = PBXSourcesBuildPhase;
			buildActionMask = 2147483647;
			files = (
				7CFCCB9720AFFBEB00232040 /* SearchViewController.swift in Sources */,
				7CFCCB9820AFFBEB00232040 /* FloatingButton.swift in Sources */,
				7CAD57DB20B24EE70088743D /* CromiSignView.swift in Sources */,
				7CFCCB9920AFFBEB00232040 /* ButtonRow.swift in Sources */,
				7CFCCB9A20AFFBEB00232040 /* BipCard.swift in Sources */,
				7CFCCB9B20AFFBEB00232040 /* User.swift in Sources */,
				7CFCCB9C20AFFBEB00232040 /* CromiOverlayViewController.swift in Sources */,
				7CFCCB9D20AFFBEB00232040 /* CromiDialogViewController.swift in Sources */,
				7CFCCB9E20AFFBEB00232040 /* LocationServices.swift in Sources */,
				7CFCCB9F20AFFBEB00232040 /* SignTimetableView.swift in Sources */,
				7CFCCBA020AFFBEB00232040 /* InfoBanner.swift in Sources */,
				7CFCCBA120AFFBEB00232040 /* SignServiceView.swift in Sources */,
				7CFCCBA220AFFBEB00232040 /* BipCardView.swift in Sources */,
				7CAD57DC20B24FBF0088743D /* StopSignView.swift in Sources */,
				7CFCCBA320AFFBEB00232040 /* BipViewController.swift in Sources */,
				7CFCCBA420AFFBEB00232040 /* SearchBar.swift in Sources */,
				7CFCCBA520AFFBEB00232040 /* BipListView.swift in Sources */,
				7CFCCBA620AFFBEB00232040 /* EmptyBipView.swift in Sources */,
				7CFCCBA720AFFBEB00232040 /* SignView.swift in Sources */,
				7CFCCBA820AFFBEB00232040 /* ForkModalViewController.swift in Sources */,
				7CFCCBA920AFFBEB00232040 /* StopAnnotationView.swift in Sources */,
				7CFCCBAA20AFFBEB00232040 /* ColorOptionPickerView.swift in Sources */,
				7CFCCBAB20AFFBEB00232040 /* ViewController.swift in Sources */,
				7CFCCBAC20AFFBEB00232040 /* BipEntryView.swift in Sources */,
				7CFCCBAD20AFFBEB00232040 /* SignHoursRowView.swift in Sources */,
				7CFCCBAE20AFFBEB00232040 /* BusAnnotationView.swift in Sources */,
				7CFCCBAF20AFFBEB00232040 /* SignHeaderView.swift in Sources */,
				7CFCCBB020AFFBEB00232040 /* ForkModalHeaderView.swift in Sources */,
				7CFCCBB220AFFBEB00232040 /* SignServiceRowView.swift in Sources */,
				7CFCCBB320AFFBEB00232040 /* ServiceBar.swift in Sources */,
				7CFCCBB420AFFBEB00232040 /* SCLTransit.swift in Sources */,
				7CFCCBB520AFFBEB00232040 /* Models.swift in Sources */,
				7CAD57DF20B24FF00088743D /* BipSignView.swift in Sources */,
				7CAD57D820B0ACA30088743D /* MapViewController.swift in Sources */,
				7CFCCBB720AFFBEB00232040 /* CromiDefines.swift in Sources */,
				7CFCCBB820AFFBEB00232040 /* AppDelegate.swift in Sources */,
				7CFCCBB920AFFBEB00232040 /* SignViewController.swift in Sources */,
			);
			runOnlyForDeploymentPostprocessing = 0;
		};
/* End PBXSourcesBuildPhase section */

/* Begin PBXTargetDependency section */
		7C2E16B02054E5B000B33292 /* PBXTargetDependency */ = {
			isa = PBXTargetDependency;
			name = RaduKit;
			targetProxy = 7C2E16AF2054E5B000B33292 /* PBXContainerItemProxy */;
		};
		7CFCCB9420AFFBEB00232040 /* PBXTargetDependency */ = {
			isa = PBXTargetDependency;
			name = RaduKit;
			targetProxy = 7CFCCB9520AFFBEB00232040 /* PBXContainerItemProxy */;
		};
/* End PBXTargetDependency section */

/* Begin PBXVariantGroup section */
		7C58CC4E1EA05C3600259F11 /* InfoPlist.strings */ = {
			isa = PBXVariantGroup;
			children = (
				7C58CC4D1EA05C3600259F11 /* es-419 */,
				7C58CC511EA05C5500259F11 /* en */,
			);
			name = InfoPlist.strings;
			sourceTree = "<group>";
		};
		7CE946C31DF8FA3E00F3D29A /* Main.storyboard */ = {
			isa = PBXVariantGroup;
			children = (
				7CE946C41DF8FA3E00F3D29A /* Base */,
			);
			name = Main.storyboard;
			sourceTree = "<group>";
		};
		7CE946C81DF8FA3E00F3D29A /* LaunchScreen.storyboard */ = {
			isa = PBXVariantGroup;
			children = (
				7CE946C91DF8FA3E00F3D29A /* Base */,
			);
			name = LaunchScreen.storyboard;
			sourceTree = "<group>";
		};
		7CF818CC1E9EF3A9007F1468 /* Localizable.strings */ = {
			isa = PBXVariantGroup;
			children = (
				7CF818CD1E9EF3D2007F1468 /* es-419 */,
				7C58CC531EA05C6700259F11 /* en */,
			);
			name = Localizable.strings;
			sourceTree = "<group>";
		};
/* End PBXVariantGroup section */

/* Begin XCBuildConfiguration section */
		7CE946CC1DF8FA3E00F3D29A /* Debug */ = {
			isa = XCBuildConfiguration;
			buildSettings = {
				ALWAYS_SEARCH_USER_PATHS = NO;
				CLANG_ANALYZER_LOCALIZABILITY_NONLOCALIZED = YES;
				CLANG_ANALYZER_NONNULL = YES;
				CLANG_CXX_LANGUAGE_STANDARD = "gnu++0x";
				CLANG_CXX_LIBRARY = "libc++";
				CLANG_ENABLE_MODULES = YES;
				CLANG_ENABLE_OBJC_ARC = YES;
				CLANG_WARN_BLOCK_CAPTURE_AUTORELEASING = YES;
				CLANG_WARN_BOOL_CONVERSION = YES;
				CLANG_WARN_COMMA = YES;
				CLANG_WARN_CONSTANT_CONVERSION = YES;
				CLANG_WARN_DEPRECATED_OBJC_IMPLEMENTATIONS = YES;
				CLANG_WARN_DIRECT_OBJC_ISA_USAGE = YES_ERROR;
				CLANG_WARN_DOCUMENTATION_COMMENTS = YES;
				CLANG_WARN_EMPTY_BODY = YES;
				CLANG_WARN_ENUM_CONVERSION = YES;
				CLANG_WARN_INFINITE_RECURSION = YES;
				CLANG_WARN_INT_CONVERSION = YES;
				CLANG_WARN_NON_LITERAL_NULL_CONVERSION = YES;
				CLANG_WARN_OBJC_IMPLICIT_RETAIN_SELF = YES;
				CLANG_WARN_OBJC_LITERAL_CONVERSION = YES;
				CLANG_WARN_OBJC_ROOT_CLASS = YES_ERROR;
				CLANG_WARN_RANGE_LOOP_ANALYSIS = YES;
				CLANG_WARN_STRICT_PROTOTYPES = YES;
				CLANG_WARN_SUSPICIOUS_MOVE = YES;
				CLANG_WARN_UNREACHABLE_CODE = YES;
				CLANG_WARN__DUPLICATE_METHOD_MATCH = YES;
				"CODE_SIGN_IDENTITY[sdk=iphoneos*]" = "iPhone Developer";
				COPY_PHASE_STRIP = NO;
				DEBUG_INFORMATION_FORMAT = dwarf;
				ENABLE_STRICT_OBJC_MSGSEND = YES;
				ENABLE_TESTABILITY = YES;
				GCC_C_LANGUAGE_STANDARD = gnu99;
				GCC_DYNAMIC_NO_PIC = NO;
				GCC_NO_COMMON_BLOCKS = YES;
				GCC_OPTIMIZATION_LEVEL = 0;
				GCC_PREPROCESSOR_DEFINITIONS = (
					"DEBUG=1",
					"$(inherited)",
				);
				GCC_WARN_64_TO_32_BIT_CONVERSION = YES;
				GCC_WARN_ABOUT_RETURN_TYPE = YES_ERROR;
				GCC_WARN_UNDECLARED_SELECTOR = YES;
				GCC_WARN_UNINITIALIZED_AUTOS = YES_AGGRESSIVE;
				GCC_WARN_UNUSED_FUNCTION = YES;
				GCC_WARN_UNUSED_VARIABLE = YES;
				IPHONEOS_DEPLOYMENT_TARGET = 10.2;
				MTL_ENABLE_DEBUG_INFO = YES;
				ONLY_ACTIVE_ARCH = YES;
				SDKROOT = iphoneos;
				SWIFT_ACTIVE_COMPILATION_CONDITIONS = DEBUG;
				SWIFT_OPTIMIZATION_LEVEL = "-Onone";
			};
			name = Debug;
		};
		7CE946CD1DF8FA3E00F3D29A /* Release */ = {
			isa = XCBuildConfiguration;
			buildSettings = {
				ALWAYS_SEARCH_USER_PATHS = NO;
				CLANG_ANALYZER_LOCALIZABILITY_NONLOCALIZED = YES;
				CLANG_ANALYZER_NONNULL = YES;
				CLANG_CXX_LANGUAGE_STANDARD = "gnu++0x";
				CLANG_CXX_LIBRARY = "libc++";
				CLANG_ENABLE_MODULES = YES;
				CLANG_ENABLE_OBJC_ARC = YES;
				CLANG_WARN_BLOCK_CAPTURE_AUTORELEASING = YES;
				CLANG_WARN_BOOL_CONVERSION = YES;
				CLANG_WARN_COMMA = YES;
				CLANG_WARN_CONSTANT_CONVERSION = YES;
				CLANG_WARN_DEPRECATED_OBJC_IMPLEMENTATIONS = YES;
				CLANG_WARN_DIRECT_OBJC_ISA_USAGE = YES_ERROR;
				CLANG_WARN_DOCUMENTATION_COMMENTS = YES;
				CLANG_WARN_EMPTY_BODY = YES;
				CLANG_WARN_ENUM_CONVERSION = YES;
				CLANG_WARN_INFINITE_RECURSION = YES;
				CLANG_WARN_INT_CONVERSION = YES;
				CLANG_WARN_NON_LITERAL_NULL_CONVERSION = YES;
				CLANG_WARN_OBJC_IMPLICIT_RETAIN_SELF = YES;
				CLANG_WARN_OBJC_LITERAL_CONVERSION = YES;
				CLANG_WARN_OBJC_ROOT_CLASS = YES_ERROR;
				CLANG_WARN_RANGE_LOOP_ANALYSIS = YES;
				CLANG_WARN_STRICT_PROTOTYPES = YES;
				CLANG_WARN_SUSPICIOUS_MOVE = YES;
				CLANG_WARN_UNREACHABLE_CODE = YES;
				CLANG_WARN__DUPLICATE_METHOD_MATCH = YES;
				"CODE_SIGN_IDENTITY[sdk=iphoneos*]" = "iPhone Developer";
				COPY_PHASE_STRIP = NO;
				DEBUG_INFORMATION_FORMAT = "dwarf-with-dsym";
				ENABLE_NS_ASSERTIONS = NO;
				ENABLE_STRICT_OBJC_MSGSEND = YES;
				GCC_C_LANGUAGE_STANDARD = gnu99;
				GCC_NO_COMMON_BLOCKS = YES;
				GCC_WARN_64_TO_32_BIT_CONVERSION = YES;
				GCC_WARN_ABOUT_RETURN_TYPE = YES_ERROR;
				GCC_WARN_UNDECLARED_SELECTOR = YES;
				GCC_WARN_UNINITIALIZED_AUTOS = YES_AGGRESSIVE;
				GCC_WARN_UNUSED_FUNCTION = YES;
				GCC_WARN_UNUSED_VARIABLE = YES;
				IPHONEOS_DEPLOYMENT_TARGET = 10.2;
				MTL_ENABLE_DEBUG_INFO = NO;
				SDKROOT = iphoneos;
				SWIFT_OPTIMIZATION_LEVEL = "-Owholemodule";
				VALIDATE_PRODUCT = YES;
			};
			name = Release;
		};
		7CE946CF1DF8FA3E00F3D29A /* Debug */ = {
			isa = XCBuildConfiguration;
			buildSettings = {
				ALWAYS_EMBED_SWIFT_STANDARD_LIBRARIES = YES;
				ASSETCATALOG_COMPILER_APPICON_NAME = AppIcon;
				DEVELOPMENT_TEAM = 7VT456V4Y2;
				INFOPLIST_FILE = Transantiago/Info.plist;
				LD_RUNPATH_SEARCH_PATHS = "$(inherited) @executable_path/Frameworks";
				PRODUCT_BUNDLE_IDENTIFIER = cl.radu.cromi;
				PRODUCT_NAME = "$(TARGET_NAME)";
				SWIFT_SWIFT3_OBJC_INFERENCE = On;
				SWIFT_VERSION = 4.0;
				TARGETED_DEVICE_FAMILY = 1;
			};
			name = Debug;
		};
		7CE946D01DF8FA3E00F3D29A /* Release */ = {
			isa = XCBuildConfiguration;
			buildSettings = {
				ALWAYS_EMBED_SWIFT_STANDARD_LIBRARIES = YES;
				ASSETCATALOG_COMPILER_APPICON_NAME = AppIcon;
				DEVELOPMENT_TEAM = 7VT456V4Y2;
				INFOPLIST_FILE = Transantiago/Info.plist;
				LD_RUNPATH_SEARCH_PATHS = "$(inherited) @executable_path/Frameworks";
				PRODUCT_BUNDLE_IDENTIFIER = cl.radu.cromi;
				PRODUCT_NAME = "$(TARGET_NAME)";
				SWIFT_SWIFT3_OBJC_INFERENCE = On;
				SWIFT_VERSION = 4.0;
				TARGETED_DEVICE_FAMILY = 1;
			};
			name = Release;
		};
		7CFCCBDA20AFFBEB00232040 /* Debug */ = {
			isa = XCBuildConfiguration;
			buildSettings = {
				ALWAYS_EMBED_SWIFT_STANDARD_LIBRARIES = YES;
				ASSETCATALOG_COMPILER_APPICON_NAME = AppIcon;
				DEVELOPMENT_TEAM = 7VT456V4Y2;
				INFOPLIST_FILE = "Cromi copy-Info.plist";
				LD_RUNPATH_SEARCH_PATHS = "$(inherited) @executable_path/Frameworks";
				PRODUCT_BUNDLE_IDENTIFIER = "cl.radu.cromi-dev";
				PRODUCT_NAME = "$(TARGET_NAME)";
				SWIFT_SWIFT3_OBJC_INFERENCE = On;
				SWIFT_VERSION = 4.0;
				TARGETED_DEVICE_FAMILY = 1;
			};
			name = Debug;
		};
		7CFCCBDB20AFFBEB00232040 /* Release */ = {
			isa = XCBuildConfiguration;
			buildSettings = {
				ALWAYS_EMBED_SWIFT_STANDARD_LIBRARIES = YES;
				ASSETCATALOG_COMPILER_APPICON_NAME = AppIcon;
				DEVELOPMENT_TEAM = 7VT456V4Y2;
				INFOPLIST_FILE = "Cromi copy-Info.plist";
				LD_RUNPATH_SEARCH_PATHS = "$(inherited) @executable_path/Frameworks";
				PRODUCT_BUNDLE_IDENTIFIER = "cl.radu.cromi-dev";
				PRODUCT_NAME = "$(TARGET_NAME)";
				SWIFT_SWIFT3_OBJC_INFERENCE = On;
				SWIFT_VERSION = 4.0;
				TARGETED_DEVICE_FAMILY = 1;
			};
			name = Release;
		};
/* End XCBuildConfiguration section */

/* Begin XCConfigurationList section */
		7CE946B71DF8FA3E00F3D29A /* Build configuration list for PBXProject "Cromi" */ = {
			isa = XCConfigurationList;
			buildConfigurations = (
				7CE946CC1DF8FA3E00F3D29A /* Debug */,
				7CE946CD1DF8FA3E00F3D29A /* Release */,
			);
			defaultConfigurationIsVisible = 0;
			defaultConfigurationName = Release;
		};
		7CE946CE1DF8FA3E00F3D29A /* Build configuration list for PBXNativeTarget "Cromi" */ = {
			isa = XCConfigurationList;
			buildConfigurations = (
				7CE946CF1DF8FA3E00F3D29A /* Debug */,
				7CE946D01DF8FA3E00F3D29A /* Release */,
			);
			defaultConfigurationIsVisible = 0;
			defaultConfigurationName = Release;
		};
		7CFCCBD920AFFBEB00232040 /* Build configuration list for PBXNativeTarget "Cromi Dev" */ = {
			isa = XCConfigurationList;
			buildConfigurations = (
				7CFCCBDA20AFFBEB00232040 /* Debug */,
				7CFCCBDB20AFFBEB00232040 /* Release */,
			);
			defaultConfigurationIsVisible = 0;
			defaultConfigurationName = Release;
		};
/* End XCConfigurationList section */
	};
	rootObject = 7CE946B41DF8FA3E00F3D29A /* Project object */;
}
