// !$*UTF8*$!
{
	archiveVersion = 1;
	classes = {
	};
	objectVersion = 46;
	objects = {

/* Begin PBXBuildFile section */
		7CE946C01DF8FA3E00F3D29A /* AppDelegate.swift in Sources */ = {isa = PBXBuildFile; fileRef = 7CE946BF1DF8FA3E00F3D29A /* AppDelegate.swift */; };
		7CE946C21DF8FA3E00F3D29A /* ViewController.swift in Sources */ = {isa = PBXBuildFile; fileRef = 7CE946C11DF8FA3E00F3D29A /* ViewController.swift */; };
		7CE946C51DF8FA3E00F3D29A /* Main.storyboard in Resources */ = {isa = PBXBuildFile; fileRef = 7CE946C31DF8FA3E00F3D29A /* Main.storyboard */; };
		7CE946C71DF8FA3E00F3D29A /* Assets.xcassets in Resources */ = {isa = PBXBuildFile; fileRef = 7CE946C61DF8FA3E00F3D29A /* Assets.xcassets */; };
		7CE946CA1DF8FA3E00F3D29A /* LaunchScreen.storyboard in Resources */ = {isa = PBXBuildFile; fileRef = 7CE946C81DF8FA3E00F3D29A /* LaunchScreen.storyboard */; };
		7CE946D31DF8FB0600F3D29A /* MapKit.framework in Frameworks */ = {isa = PBXBuildFile; fileRef = 7CE946D21DF8FB0600F3D29A /* MapKit.framework */; };
		7CE946D51DF93F1200F3D29A /* Extras.swift in Sources */ = {isa = PBXBuildFile; fileRef = 7CE946D41DF93F1200F3D29A /* Extras.swift */; };
		7CE946D71DF94DCB00F3D29A /* Transantiago.swift in Sources */ = {isa = PBXBuildFile; fileRef = 7CE946D61DF94DCB00F3D29A /* Transantiago.swift */; };
		7CE946D91DF953ED00F3D29A /* JSONUtilities.swift in Sources */ = {isa = PBXBuildFile; fileRef = 7CE946D81DF953ED00F3D29A /* JSONUtilities.swift */; };
		7CE946DB1DF9579200F3D29A /* Models.swift in Sources */ = {isa = PBXBuildFile; fileRef = 7CE946DA1DF9579200F3D29A /* Models.swift */; };
/* End PBXBuildFile section */

/* Begin PBXFileReference section */
		7CE946BC1DF8FA3E00F3D29A /* Cromi.app */ = {isa = PBXFileReference; explicitFileType = wrapper.application; includeInIndex = 0; path = Cromi.app; sourceTree = BUILT_PRODUCTS_DIR; };
		7CE946BF1DF8FA3E00F3D29A /* AppDelegate.swift */ = {isa = PBXFileReference; lastKnownFileType = sourcecode.swift; path = AppDelegate.swift; sourceTree = "<group>"; };
		7CE946C11DF8FA3E00F3D29A /* ViewController.swift */ = {isa = PBXFileReference; lastKnownFileType = sourcecode.swift; path = ViewController.swift; sourceTree = "<group>"; };
		7CE946C41DF8FA3E00F3D29A /* Base */ = {isa = PBXFileReference; lastKnownFileType = file.storyboard; name = Base; path = Base.lproj/Main.storyboard; sourceTree = "<group>"; };
		7CE946C61DF8FA3E00F3D29A /* Assets.xcassets */ = {isa = PBXFileReference; lastKnownFileType = folder.assetcatalog; path = Assets.xcassets; sourceTree = "<group>"; };
		7CE946C91DF8FA3E00F3D29A /* Base */ = {isa = PBXFileReference; lastKnownFileType = file.storyboard; name = Base; path = Base.lproj/LaunchScreen.storyboard; sourceTree = "<group>"; };
		7CE946CB1DF8FA3E00F3D29A /* Info.plist */ = {isa = PBXFileReference; lastKnownFileType = text.plist.xml; path = Info.plist; sourceTree = "<group>"; };
		7CE946D21DF8FB0600F3D29A /* MapKit.framework */ = {isa = PBXFileReference; lastKnownFileType = wrapper.framework; name = MapKit.framework; path = System/Library/Frameworks/MapKit.framework; sourceTree = SDKROOT; };
		7CE946D41DF93F1200F3D29A /* Extras.swift */ = {isa = PBXFileReference; fileEncoding = 4; lastKnownFileType = sourcecode.swift; path = Extras.swift; sourceTree = "<group>"; };
		7CE946D61DF94DCB00F3D29A /* Transantiago.swift */ = {isa = PBXFileReference; fileEncoding = 4; lastKnownFileType = sourcecode.swift; path = Transantiago.swift; sourceTree = "<group>"; };
		7CE946D81DF953ED00F3D29A /* JSONUtilities.swift */ = {isa = PBXFileReference; fileEncoding = 4; lastKnownFileType = sourcecode.swift; path = JSONUtilities.swift; sourceTree = "<group>"; };
		7CE946DA1DF9579200F3D29A /* Models.swift */ = {isa = PBXFileReference; fileEncoding = 4; lastKnownFileType = sourcecode.swift; path = Models.swift; sourceTree = "<group>"; };
/* End PBXFileReference section */

/* Begin PBXFrameworksBuildPhase section */
		7CE946B91DF8FA3E00F3D29A /* Frameworks */ = {
			isa = PBXFrameworksBuildPhase;
			buildActionMask = 2147483647;
			files = (
				7CE946D31DF8FB0600F3D29A /* MapKit.framework in Frameworks */,
			);
			runOnlyForDeploymentPostprocessing = 0;
		};
/* End PBXFrameworksBuildPhase section */

/* Begin PBXGroup section */
		7CE946B31DF8FA3E00F3D29A = {
			isa = PBXGroup;
			children = (
				7CE946BE1DF8FA3E00F3D29A /* Transantiago */,
				7CE946BD1DF8FA3E00F3D29A /* Products */,
				7CE946D11DF8FB0600F3D29A /* Frameworks */,
			);
			sourceTree = "<group>";
		};
		7CE946BD1DF8FA3E00F3D29A /* Products */ = {
			isa = PBXGroup;
			children = (
				7CE946BC1DF8FA3E00F3D29A /* Cromi.app */,
			);
			name = Products;
			sourceTree = "<group>";
		};
		7CE946BE1DF8FA3E00F3D29A /* Transantiago */ = {
			isa = PBXGroup;
			children = (
				7CE946D41DF93F1200F3D29A /* Extras.swift */,
				7CE946BF1DF8FA3E00F3D29A /* AppDelegate.swift */,
				7CE946C11DF8FA3E00F3D29A /* ViewController.swift */,
				7CE946D61DF94DCB00F3D29A /* Transantiago.swift */,
				7CE946DA1DF9579200F3D29A /* Models.swift */,
				7CE946D81DF953ED00F3D29A /* JSONUtilities.swift */,
				7CE946C31DF8FA3E00F3D29A /* Main.storyboard */,
				7CE946C61DF8FA3E00F3D29A /* Assets.xcassets */,
				7CE946C81DF8FA3E00F3D29A /* LaunchScreen.storyboard */,
				7CE946CB1DF8FA3E00F3D29A /* Info.plist */,
			);
			path = Transantiago;
			sourceTree = "<group>";
		};
		7CE946D11DF8FB0600F3D29A /* Frameworks */ = {
			isa = PBXGroup;
			children = (
				7CE946D21DF8FB0600F3D29A /* MapKit.framework */,
			);
			name = Frameworks;
			sourceTree = "<group>";
		};
/* End PBXGroup section */

/* Begin PBXNativeTarget section */
		7CE946BB1DF8FA3E00F3D29A /* Cromi */ = {
			isa = PBXNativeTarget;
			buildConfigurationList = 7CE946CE1DF8FA3E00F3D29A /* Build configuration list for PBXNativeTarget "Cromi" */;
			buildPhases = (
				7CE946B81DF8FA3E00F3D29A /* Sources */,
				7CE946B91DF8FA3E00F3D29A /* Frameworks */,
				7CE946BA1DF8FA3E00F3D29A /* Resources */,
			);
			buildRules = (
			);
			dependencies = (
			);
			name = Cromi;
			productName = Transantiago;
			productReference = 7CE946BC1DF8FA3E00F3D29A /* Cromi.app */;
			productType = "com.apple.product-type.application";
		};
/* End PBXNativeTarget section */

/* Begin PBXProject section */
		7CE946B41DF8FA3E00F3D29A /* Project object */ = {
			isa = PBXProject;
			attributes = {
				LastSwiftUpdateCheck = 0820;
				LastUpgradeCheck = 0820;
				ORGANIZATIONNAME = "Radu Dutzan";
				TargetAttributes = {
					7CE946BB1DF8FA3E00F3D29A = {
						CreatedOnToolsVersion = 8.2;
						DevelopmentTeam = 7VT456V4Y2;
						ProvisioningStyle = Automatic;
					};
				};
			};
			buildConfigurationList = 7CE946B71DF8FA3E00F3D29A /* Build configuration list for PBXProject "Transantiago" */;
			compatibilityVersion = "Xcode 3.2";
			developmentRegion = English;
			hasScannedForEncodings = 0;
			knownRegions = (
				en,
				Base,
			);
			mainGroup = 7CE946B31DF8FA3E00F3D29A;
			productRefGroup = 7CE946BD1DF8FA3E00F3D29A /* Products */;
			projectDirPath = "";
			projectRoot = "";
			targets = (
				7CE946BB1DF8FA3E00F3D29A /* Cromi */,
			);
		};
/* End PBXProject section */

/* Begin PBXResourcesBuildPhase section */
		7CE946BA1DF8FA3E00F3D29A /* Resources */ = {
			isa = PBXResourcesBuildPhase;
			buildActionMask = 2147483647;
			files = (
				7CE946CA1DF8FA3E00F3D29A /* LaunchScreen.storyboard in Resources */,
				7CE946C71DF8FA3E00F3D29A /* Assets.xcassets in Resources */,
				7CE946C51DF8FA3E00F3D29A /* Main.storyboard in Resources */,
			);
			runOnlyForDeploymentPostprocessing = 0;
		};
/* End PBXResourcesBuildPhase section */

/* Begin PBXSourcesBuildPhase section */
		7CE946B81DF8FA3E00F3D29A /* Sources */ = {
			isa = PBXSourcesBuildPhase;
			buildActionMask = 2147483647;
			files = (
				7CE946D71DF94DCB00F3D29A /* Transantiago.swift in Sources */,
				7CE946C21DF8FA3E00F3D29A /* ViewController.swift in Sources */,
				7CE946D91DF953ED00F3D29A /* JSONUtilities.swift in Sources */,
				7CE946DB1DF9579200F3D29A /* Models.swift in Sources */,
				7CE946D51DF93F1200F3D29A /* Extras.swift in Sources */,
				7CE946C01DF8FA3E00F3D29A /* AppDelegate.swift in Sources */,
			);
			runOnlyForDeploymentPostprocessing = 0;
		};
/* End PBXSourcesBuildPhase section */

/* Begin PBXVariantGroup section */
		7CE946C31DF8FA3E00F3D29A /* Main.storyboard */ = {
			isa = PBXVariantGroup;
			children = (
				7CE946C41DF8FA3E00F3D29A /* Base */,
			);
			name = Main.storyboard;
			sourceTree = "<group>";
		};
		7CE946C81DF8FA3E00F3D29A /* LaunchScreen.storyboard */ = {
			isa = PBXVariantGroup;
			children = (
				7CE946C91DF8FA3E00F3D29A /* Base */,
			);
			name = LaunchScreen.storyboard;
			sourceTree = "<group>";
		};
/* End PBXVariantGroup section */

/* Begin XCBuildConfiguration section */
		7CE946CC1DF8FA3E00F3D29A /* Debug */ = {
			isa = XCBuildConfiguration;
			buildSettings = {
				ALWAYS_SEARCH_USER_PATHS = NO;
				CLANG_ANALYZER_NONNULL = YES;
				CLANG_CXX_LANGUAGE_STANDARD = "gnu++0x";
				CLANG_CXX_LIBRARY = "libc++";
				CLANG_ENABLE_MODULES = YES;
				CLANG_ENABLE_OBJC_ARC = YES;
				CLANG_WARN_BOOL_CONVERSION = YES;
				CLANG_WARN_CONSTANT_CONVERSION = YES;
				CLANG_WARN_DIRECT_OBJC_ISA_USAGE = YES_ERROR;
				CLANG_WARN_DOCUMENTATION_COMMENTS = YES;
				CLANG_WARN_EMPTY_BODY = YES;
				CLANG_WARN_ENUM_CONVERSION = YES;
				CLANG_WARN_INFINITE_RECURSION = YES;
				CLANG_WARN_INT_CONVERSION = YES;
				CLANG_WARN_OBJC_ROOT_CLASS = YES_ERROR;
				CLANG_WARN_SUSPICIOUS_MOVE = YES;
				CLANG_WARN_UNREACHABLE_CODE = YES;
				CLANG_WARN__DUPLICATE_METHOD_MATCH = YES;
				"CODE_SIGN_IDENTITY[sdk=iphoneos*]" = "iPhone Developer";
				COPY_PHASE_STRIP = NO;
				DEBUG_INFORMATION_FORMAT = dwarf;
				ENABLE_STRICT_OBJC_MSGSEND = YES;
				ENABLE_TESTABILITY = YES;
				GCC_C_LANGUAGE_STANDARD = gnu99;
				GCC_DYNAMIC_NO_PIC = NO;
				GCC_NO_COMMON_BLOCKS = YES;
				GCC_OPTIMIZATION_LEVEL = 0;
				GCC_PREPROCESSOR_DEFINITIONS = (
					"DEBUG=1",
					"$(inherited)",
				);
				GCC_WARN_64_TO_32_BIT_CONVERSION = YES;
				GCC_WARN_ABOUT_RETURN_TYPE = YES_ERROR;
				GCC_WARN_UNDECLARED_SELECTOR = YES;
				GCC_WARN_UNINITIALIZED_AUTOS = YES_AGGRESSIVE;
				GCC_WARN_UNUSED_FUNCTION = YES;
				GCC_WARN_UNUSED_VARIABLE = YES;
				IPHONEOS_DEPLOYMENT_TARGET = 10.2;
				MTL_ENABLE_DEBUG_INFO = YES;
				ONLY_ACTIVE_ARCH = YES;
				SDKROOT = iphoneos;
				SWIFT_ACTIVE_COMPILATION_CONDITIONS = DEBUG;
				SWIFT_OPTIMIZATION_LEVEL = "-Onone";
			};
			name = Debug;
		};
		7CE946CD1DF8FA3E00F3D29A /* Release */ = {
			isa = XCBuildConfiguration;
			buildSettings = {
				ALWAYS_SEARCH_USER_PATHS = NO;
				CLANG_ANALYZER_NONNULL = YES;
				CLANG_CXX_LANGUAGE_STANDARD = "gnu++0x";
				CLANG_CXX_LIBRARY = "libc++";
				CLANG_ENABLE_MODULES = YES;
				CLANG_ENABLE_OBJC_ARC = YES;
				CLANG_WARN_BOOL_CONVERSION = YES;
				CLANG_WARN_CONSTANT_CONVERSION = YES;
				CLANG_WARN_DIRECT_OBJC_ISA_USAGE = YES_ERROR;
				CLANG_WARN_DOCUMENTATION_COMMENTS = YES;
				CLANG_WARN_EMPTY_BODY = YES;
				CLANG_WARN_ENUM_CONVERSION = YES;
				CLANG_WARN_INFINITE_RECURSION = YES;
				CLANG_WARN_INT_CONVERSION = YES;
				CLANG_WARN_OBJC_ROOT_CLASS = YES_ERROR;
				CLANG_WARN_SUSPICIOUS_MOVE = YES;
				CLANG_WARN_UNREACHABLE_CODE = YES;
				CLANG_WARN__DUPLICATE_METHOD_MATCH = YES;
				"CODE_SIGN_IDENTITY[sdk=iphoneos*]" = "iPhone Developer";
				COPY_PHASE_STRIP = NO;
				DEBUG_INFORMATION_FORMAT = "dwarf-with-dsym";
				ENABLE_NS_ASSERTIONS = NO;
				ENABLE_STRICT_OBJC_MSGSEND = YES;
				GCC_C_LANGUAGE_STANDARD = gnu99;
				GCC_NO_COMMON_BLOCKS = YES;
				GCC_WARN_64_TO_32_BIT_CONVERSION = YES;
				GCC_WARN_ABOUT_RETURN_TYPE = YES_ERROR;
				GCC_WARN_UNDECLARED_SELECTOR = YES;
				GCC_WARN_UNINITIALIZED_AUTOS = YES_AGGRESSIVE;
				GCC_WARN_UNUSED_FUNCTION = YES;
				GCC_WARN_UNUSED_VARIABLE = YES;
				IPHONEOS_DEPLOYMENT_TARGET = 10.2;
				MTL_ENABLE_DEBUG_INFO = NO;
				SDKROOT = iphoneos;
				SWIFT_OPTIMIZATION_LEVEL = "-Owholemodule";
				VALIDATE_PRODUCT = YES;
			};
			name = Release;
		};
		7CE946CF1DF8FA3E00F3D29A /* Debug */ = {
			isa = XCBuildConfiguration;
			buildSettings = {
				ASSETCATALOG_COMPILER_APPICON_NAME = AppIcon;
				DEVELOPMENT_TEAM = 7VT456V4Y2;
				INFOPLIST_FILE = Transantiago/Info.plist;
				LD_RUNPATH_SEARCH_PATHS = "$(inherited) @executable_path/Frameworks";
				PRODUCT_BUNDLE_IDENTIFIER = cl.radu.Transantiago;
				PRODUCT_NAME = "$(TARGET_NAME)";
				SWIFT_VERSION = 3.0;
			};
			name = Debug;
		};
		7CE946D01DF8FA3E00F3D29A /* Release */ = {
			isa = XCBuildConfiguration;
			buildSettings = {
				ASSETCATALOG_COMPILER_APPICON_NAME = AppIcon;
				DEVELOPMENT_TEAM = 7VT456V4Y2;
				INFOPLIST_FILE = Transantiago/Info.plist;
				LD_RUNPATH_SEARCH_PATHS = "$(inherited) @executable_path/Frameworks";
				PRODUCT_BUNDLE_IDENTIFIER = cl.radu.Transantiago;
				PRODUCT_NAME = "$(TARGET_NAME)";
				SWIFT_VERSION = 3.0;
			};
			name = Release;
		};
/* End XCBuildConfiguration section */

/* Begin XCConfigurationList section */
		7CE946B71DF8FA3E00F3D29A /* Build configuration list for PBXProject "Transantiago" */ = {
			isa = XCConfigurationList;
			buildConfigurations = (
				7CE946CC1DF8FA3E00F3D29A /* Debug */,
				7CE946CD1DF8FA3E00F3D29A /* Release */,
			);
			defaultConfigurationIsVisible = 0;
			defaultConfigurationName = Release;
		};
		7CE946CE1DF8FA3E00F3D29A /* Build configuration list for PBXNativeTarget "Cromi" */ = {
			isa = XCConfigurationList;
			buildConfigurations = (
				7CE946CF1DF8FA3E00F3D29A /* Debug */,
				7CE946D01DF8FA3E00F3D29A /* Release */,
			);
			defaultConfigurationIsVisible = 0;
		};
/* End XCConfigurationList section */
	};
	rootObject = 7CE946B41DF8FA3E00F3D29A /* Project object */;
}
